PODS:
  - Contentful (1.0.0-beta2):
    - Interstellar (~> 2.1.0)
  - Down (0.4.2)
  - Interstellar (2.1.0):
    - Interstellar/Core (= 2.1.0)
    - Interstellar/Warpdrive (= 2.1.0)
  - Interstellar/Core (2.1.0)
  - Interstellar/Warpdrive (2.1.0):
    - Interstellar/Core
  - Keys (1.0.0)

DEPENDENCIES:
  - Contentful (from `/Users/jpwright/Contentful/swift/SDK/contentful.swift`, branch `improvement/usability-improvements`)
  - Down
  - Keys (from `Pods/CocoaPodsKeys`)

EXTERNAL SOURCES:
  Contentful:
    :branch: improvement/usability-improvements
    :git: /Users/jpwright/Contentful/swift/SDK/contentful.swift
  Keys:
    :path: Pods/CocoaPodsKeys

CHECKOUT OPTIONS:
  Contentful:
    :commit: fbf2c6decbf4635d74c67a2d047ec5b38aaee097
    :git: /Users/jpwright/Contentful/swift/SDK/contentful.swift

SPEC CHECKSUMS:
  Contentful: e33baa6762a443198766f64dc3b5fbdd0810ac0e
  Down: 92efba7c95a8efdb84b7114e365db4a37f3df76e
  Interstellar: fdc492e0866f49857a423d47a453b41d1e31f620
  Keys: 9c35bf00f612ee1d48556f4a4b9b4551e224e90f

PODFILE CHECKSUM: c7fe2cd80377df09ed87f2495c7b5fb1df2cd2e8

COCOAPODS: 1.3.1
