PODS:
  - Alamofire (4.5.1)
  - AlamofireImage (3.3.0):
    - Alamofire (~> 4.5)
  - Contentful (1.0.0-beta3):
    - Interstellar (~> 2.1.0)
  - DeepLinkKit (1.5.0)
  - Interstellar (2.1.0):
    - Interstellar/Core (= 2.1.0)
    - Interstellar/Warpdrive (= 2.1.0)
  - Interstellar/Core (2.1.0)
  - Interstellar/Warpdrive (2.1.0):
    - Interstellar/Core
  - Keys (1.0.0)
  - markymark (4.0.2)
  - Nimble (7.0.3)

DEPENDENCIES:
  - AlamofireImage (~> 3.3)
  - Contentful (from `/Users/jpwright/Contentful/swift/SDK/contentful.swift`)
  - DeepLinkKit (from `https://github.com/button/DeepLinkKit/`, tag `1.5.0`)
  - Keys (from `Pods/CocoaPodsKeys`)
  - markymark (from `https://github.com/M2Mobi/Marky-Mark.git`, branch `master`)
  - Nimble

EXTERNAL SOURCES:
  Contentful:
    :branch: improvement/query-improvement
    :path: /Users/jpwright/Contentful/swift/SDK/contentful.swift
  DeepLinkKit:
    :git: https://github.com/button/DeepLinkKit/
    :tag: 1.5.0
  Keys:
    :path: Pods/CocoaPodsKeys
  markymark:
    :branch: master
    :git: https://github.com/M2Mobi/Marky-Mark.git

CHECKOUT OPTIONS:
  DeepLinkKit:
    :git: https://github.com/button/DeepLinkKit/
    :tag: 1.5.0
  markymark:
    :commit: 2d734a4a7f35a812f9adbce79cffbff410da332e
    :git: https://github.com/M2Mobi/Marky-Mark.git

SPEC CHECKSUMS:
  Alamofire: 2d95912bf4c34f164fdfc335872e8c312acaea4a
  AlamofireImage: 2e784dc5d00f04903a52c1d169181469c805c3df
  Contentful: bc9bac7ca71dd1a6a3a287a12fd145f9bf415217
  DeepLinkKit: 98a26f2c5cf4c86b97c1170cdf3737ae49a3a50c
  Interstellar: fdc492e0866f49857a423d47a453b41d1e31f620
  Keys: 9c35bf00f612ee1d48556f4a4b9b4551e224e90f
  markymark: bd5fb7e5e2fd112035725063e2e0692121dff1dc
  Nimble: 7f5a9c447a33002645a071bddafbfb24ea70e0ac

PODFILE CHECKSUM: 06cc3840d7621663c3df04ce9274699af8c32ca9

COCOAPODS: 1.3.1
