// !$*UTF8*$!
{
	archiveVersion = 1;
	classes = {
	};
	objectVersion = 48;
	objects = {

/* Begin PBXBuildFile section */
		20010E18E3F7DC60DE456801 /* Pods_the_example_app_swift.framework in Frameworks */ = {isa = PBXBuildFile; fileRef = C274FCE7DB9EA9C324CBA891 /* Pods_the_example_app_swift.framework */; };
		40D1021592A18340068D7EB1 /* Pods_the_example_app_swiftTests.framework in Frameworks */ = {isa = PBXBuildFile; fileRef = 1790B24DD04D1A0F2F6747C9 /* Pods_the_example_app_swiftTests.framework */; };
		ED54BADC1FC5D0AD00AA8199 /* LessonCopyTableViewCell.swift in Sources */ = {isa = PBXBuildFile; fileRef = ED54BADB1FC5D0AD00AA8199 /* LessonCopyTableViewCell.swift */; };
		ED54BADE1FC5D10A00AA8199 /* LessonCopyTableViewCell.xib in Resources */ = {isa = PBXBuildFile; fileRef = ED54BADD1FC5D10A00AA8199 /* LessonCopyTableViewCell.xib */; };
		ED54BAE11FC5DDDD00AA8199 /* SVGAttributedStringBlockBuilder.swift in Sources */ = {isa = PBXBuildFile; fileRef = ED54BAE01FC5DDDD00AA8199 /* SVGAttributedStringBlockBuilder.swift */; };
		ED68DD8B1FBF0B700034CB89 /* CourseTableViewCell.swift in Sources */ = {isa = PBXBuildFile; fileRef = ED68DD8A1FBF0B700034CB89 /* CourseTableViewCell.swift */; };
		ED68DD8D1FBF0B8C0034CB89 /* CourseTableViewCell.xib in Resources */ = {isa = PBXBuildFile; fileRef = ED68DD8C1FBF0B8C0034CB89 /* CourseTableViewCell.xib */; };
		ED68DD8F1FBF14E90034CB89 /* CellFactory.swift in Sources */ = {isa = PBXBuildFile; fileRef = ED68DD8E1FBF14E90034CB89 /* CellFactory.swift */; };
		ED68DD911FBF16B20034CB89 /* CourseViewController.swift in Sources */ = {isa = PBXBuildFile; fileRef = ED68DD901FBF16B20034CB89 /* CourseViewController.swift */; };
		ED68DD931FBF17CC0034CB89 /* CourseView.xib in Resources */ = {isa = PBXBuildFile; fileRef = ED68DD921FBF17CC0034CB89 /* CourseView.xib */; };
		EDC6FB381FBB25D9005738BE /* AppDelegate.swift in Sources */ = {isa = PBXBuildFile; fileRef = EDC6FB371FBB25D9005738BE /* AppDelegate.swift */; };
		EDC6FB3A1FBB25D9005738BE /* LessonViewController.swift in Sources */ = {isa = PBXBuildFile; fileRef = EDC6FB391FBB25D9005738BE /* LessonViewController.swift */; };
		EDC6FB3F1FBB25D9005738BE /* Assets.xcassets in Resources */ = {isa = PBXBuildFile; fileRef = EDC6FB3E1FBB25D9005738BE /* Assets.xcassets */; };
		EDC6FB421FBB25D9005738BE /* LaunchScreen.storyboard in Resources */ = {isa = PBXBuildFile; fileRef = EDC6FB401FBB25D9005738BE /* LaunchScreen.storyboard */; };
		EDC6FB4D1FBB25D9005738BE /* the_example_app_swiftTests.swift in Sources */ = {isa = PBXBuildFile; fileRef = EDC6FB4C1FBB25D9005738BE /* the_example_app_swiftTests.swift */; };
		EDC6FB661FBB27CD005738BE /* Models.swift in Sources */ = {isa = PBXBuildFile; fileRef = EDC6FB651FBB27CD005738BE /* Models.swift */; };
		EDC6FB691FBB331F005738BE /* UserSession.swift in Sources */ = {isa = PBXBuildFile; fileRef = EDC6FB681FBB331F005738BE /* UserSession.swift */; };
		EDC6FB6B1FBB332A005738BE /* ServiceBus.swift in Sources */ = {isa = PBXBuildFile; fileRef = EDC6FB6A1FBB332A005738BE /* ServiceBus.swift */; };
		EDC6FB6D1FBB3F7F005738BE /* UIKit.swift in Sources */ = {isa = PBXBuildFile; fileRef = EDC6FB6C1FBB3F7F005738BE /* UIKit.swift */; };
		EDC6FB6F1FBB3FFC005738BE /* ModuleTableViewCells.swift in Sources */ = {isa = PBXBuildFile; fileRef = EDC6FB6E1FBB3FFC005738BE /* ModuleTableViewCells.swift */; };
		EDC6FB711FBB40EC005738BE /* HomeViewController.swift in Sources */ = {isa = PBXBuildFile; fileRef = EDC6FB701FBB40EC005738BE /* HomeViewController.swift */; };
		EDC6FB731FBB413B005738BE /* TabBarController.swift in Sources */ = {isa = PBXBuildFile; fileRef = EDC6FB721FBB413B005738BE /* TabBarController.swift */; };
		EDC6FB751FBB415F005738BE /* SettingsViewController.swift in Sources */ = {isa = PBXBuildFile; fileRef = EDC6FB741FBB415F005738BE /* SettingsViewController.swift */; };
		EDC6FB771FBB420D005738BE /* CoursesViewController.swift in Sources */ = {isa = PBXBuildFile; fileRef = EDC6FB761FBB420D005738BE /* CoursesViewController.swift */; };
		EDC6FB7B1FBB4394005738BE /* AppearanceCustomizable.swift in Sources */ = {isa = PBXBuildFile; fileRef = EDC6FB7A1FBB4394005738BE /* AppearanceCustomizable.swift */; };
		EDC6FB7D1FBB43E5005738BE /* Router.swift in Sources */ = {isa = PBXBuildFile; fileRef = EDC6FB7C1FBB43E5005738BE /* Router.swift */; };
		EDC6FB7E1FBC47CF005738BE /* RootViewController.swift in Sources */ = {isa = PBXBuildFile; fileRef = EDC6FB781FBB42B0005738BE /* RootViewController.swift */; };
		EDC6FB801FBCA5C0005738BE /* TableViewDataSources.swift in Sources */ = {isa = PBXBuildFile; fileRef = EDC6FB7F1FBCA5C0005738BE /* TableViewDataSources.swift */; };
		EDC6FB821FBCA706005738BE /* LoadingTableViewCell.swift in Sources */ = {isa = PBXBuildFile; fileRef = EDC6FB811FBCA706005738BE /* LoadingTableViewCell.swift */; };
		EDC6FB841FBCA758005738BE /* LoadingTableViewCell.xib in Resources */ = {isa = PBXBuildFile; fileRef = EDC6FB831FBCA758005738BE /* LoadingTableViewCell.xib */; };
/* End PBXBuildFile section */

/* Begin PBXContainerItemProxy section */
		EDC6FB491FBB25D9005738BE /* PBXContainerItemProxy */ = {
			isa = PBXContainerItemProxy;
			containerPortal = EDC6FB2C1FBB25D9005738BE /* Project object */;
			proxyType = 1;
			remoteGlobalIDString = EDC6FB331FBB25D9005738BE;
			remoteInfo = "the-example-app.swift";
		};
/* End PBXContainerItemProxy section */

/* Begin PBXFileReference section */
		1790B24DD04D1A0F2F6747C9 /* Pods_the_example_app_swiftTests.framework */ = {isa = PBXFileReference; explicitFileType = wrapper.framework; includeInIndex = 0; path = Pods_the_example_app_swiftTests.framework; sourceTree = BUILT_PRODUCTS_DIR; };
		76AE267910597B9F0FB2766F /* Pods-the-example-app.swiftTests.debug.xcconfig */ = {isa = PBXFileReference; includeInIndex = 1; lastKnownFileType = text.xcconfig; name = "Pods-the-example-app.swiftTests.debug.xcconfig"; path = "Pods/Target Support Files/Pods-the-example-app.swiftTests/Pods-the-example-app.swiftTests.debug.xcconfig"; sourceTree = "<group>"; };
		BD4544A34AEB9C13C26A44F8 /* Pods-the-example-app.swiftTests.release.xcconfig */ = {isa = PBXFileReference; includeInIndex = 1; lastKnownFileType = text.xcconfig; name = "Pods-the-example-app.swiftTests.release.xcconfig"; path = "Pods/Target Support Files/Pods-the-example-app.swiftTests/Pods-the-example-app.swiftTests.release.xcconfig"; sourceTree = "<group>"; };
		C274FCE7DB9EA9C324CBA891 /* Pods_the_example_app_swift.framework */ = {isa = PBXFileReference; explicitFileType = wrapper.framework; includeInIndex = 0; path = Pods_the_example_app_swift.framework; sourceTree = BUILT_PRODUCTS_DIR; };
		D7B86716D1A45CF29118018F /* Pods-the-example-app.swift.debug.xcconfig */ = {isa = PBXFileReference; includeInIndex = 1; lastKnownFileType = text.xcconfig; name = "Pods-the-example-app.swift.debug.xcconfig"; path = "Pods/Target Support Files/Pods-the-example-app.swift/Pods-the-example-app.swift.debug.xcconfig"; sourceTree = "<group>"; };
		ED54BADB1FC5D0AD00AA8199 /* LessonCopyTableViewCell.swift */ = {isa = PBXFileReference; lastKnownFileType = sourcecode.swift; path = LessonCopyTableViewCell.swift; sourceTree = "<group>"; };
		ED54BADD1FC5D10A00AA8199 /* LessonCopyTableViewCell.xib */ = {isa = PBXFileReference; lastKnownFileType = file.xib; path = LessonCopyTableViewCell.xib; sourceTree = "<group>"; };
		ED54BAE01FC5DDDD00AA8199 /* SVGAttributedStringBlockBuilder.swift */ = {isa = PBXFileReference; lastKnownFileType = sourcecode.swift; path = SVGAttributedStringBlockBuilder.swift; sourceTree = "<group>"; };
		ED68DD8A1FBF0B700034CB89 /* CourseTableViewCell.swift */ = {isa = PBXFileReference; lastKnownFileType = sourcecode.swift; path = CourseTableViewCell.swift; sourceTree = "<group>"; };
		ED68DD8C1FBF0B8C0034CB89 /* CourseTableViewCell.xib */ = {isa = PBXFileReference; lastKnownFileType = file.xib; path = CourseTableViewCell.xib; sourceTree = "<group>"; };
		ED68DD8E1FBF14E90034CB89 /* CellFactory.swift */ = {isa = PBXFileReference; lastKnownFileType = sourcecode.swift; path = CellFactory.swift; sourceTree = "<group>"; };
		ED68DD901FBF16B20034CB89 /* CourseViewController.swift */ = {isa = PBXFileReference; lastKnownFileType = sourcecode.swift; path = CourseViewController.swift; sourceTree = "<group>"; };
		ED68DD921FBF17CC0034CB89 /* CourseView.xib */ = {isa = PBXFileReference; lastKnownFileType = file.xib; path = CourseView.xib; sourceTree = "<group>"; };
		ED7B7A9B4959A959505F5FBD /* Pods-the-example-app.swift.release.xcconfig */ = {isa = PBXFileReference; includeInIndex = 1; lastKnownFileType = text.xcconfig; name = "Pods-the-example-app.swift.release.xcconfig"; path = "Pods/Target Support Files/Pods-the-example-app.swift/Pods-the-example-app.swift.release.xcconfig"; sourceTree = "<group>"; };
		EDC6FB341FBB25D9005738BE /* the-example-app.swift.app */ = {isa = PBXFileReference; explicitFileType = wrapper.application; includeInIndex = 0; path = "the-example-app.swift.app"; sourceTree = BUILT_PRODUCTS_DIR; };
		EDC6FB371FBB25D9005738BE /* AppDelegate.swift */ = {isa = PBXFileReference; lastKnownFileType = sourcecode.swift; path = AppDelegate.swift; sourceTree = "<group>"; };
		EDC6FB391FBB25D9005738BE /* LessonViewController.swift */ = {isa = PBXFileReference; lastKnownFileType = sourcecode.swift; path = LessonViewController.swift; sourceTree = "<group>"; };
		EDC6FB3E1FBB25D9005738BE /* Assets.xcassets */ = {isa = PBXFileReference; lastKnownFileType = folder.assetcatalog; path = Assets.xcassets; sourceTree = "<group>"; };
		EDC6FB411FBB25D9005738BE /* Base */ = {isa = PBXFileReference; lastKnownFileType = file.storyboard; name = Base; path = Base.lproj/LaunchScreen.storyboard; sourceTree = "<group>"; };
		EDC6FB431FBB25D9005738BE /* Info.plist */ = {isa = PBXFileReference; lastKnownFileType = text.plist.xml; path = Info.plist; sourceTree = "<group>"; };
		EDC6FB481FBB25D9005738BE /* the-example-app.swiftTests.xctest */ = {isa = PBXFileReference; explicitFileType = wrapper.cfbundle; includeInIndex = 0; path = "the-example-app.swiftTests.xctest"; sourceTree = BUILT_PRODUCTS_DIR; };
		EDC6FB4C1FBB25D9005738BE /* the_example_app_swiftTests.swift */ = {isa = PBXFileReference; lastKnownFileType = sourcecode.swift; path = the_example_app_swiftTests.swift; sourceTree = "<group>"; };
		EDC6FB4E1FBB25D9005738BE /* Info.plist */ = {isa = PBXFileReference; lastKnownFileType = text.plist.xml; path = Info.plist; sourceTree = "<group>"; };
		EDC6FB651FBB27CD005738BE /* Models.swift */ = {isa = PBXFileReference; fileEncoding = 4; lastKnownFileType = sourcecode.swift; path = Models.swift; sourceTree = "<group>"; };
		EDC6FB671FBB30E9005738BE /* the-example-app.swift-Bridging-Header.h */ = {isa = PBXFileReference; lastKnownFileType = sourcecode.c.h; name = "the-example-app.swift-Bridging-Header.h"; path = "the-example-app.swift/the-example-app.swift-Bridging-Header.h"; sourceTree = "<group>"; };
		EDC6FB681FBB331F005738BE /* UserSession.swift */ = {isa = PBXFileReference; lastKnownFileType = sourcecode.swift; path = UserSession.swift; sourceTree = "<group>"; };
		EDC6FB6A1FBB332A005738BE /* ServiceBus.swift */ = {isa = PBXFileReference; lastKnownFileType = sourcecode.swift; path = ServiceBus.swift; sourceTree = "<group>"; };
		EDC6FB6C1FBB3F7F005738BE /* UIKit.swift */ = {isa = PBXFileReference; lastKnownFileType = sourcecode.swift; path = UIKit.swift; sourceTree = "<group>"; };
		EDC6FB6E1FBB3FFC005738BE /* ModuleTableViewCells.swift */ = {isa = PBXFileReference; lastKnownFileType = sourcecode.swift; path = ModuleTableViewCells.swift; sourceTree = "<group>"; };
		EDC6FB701FBB40EC005738BE /* HomeViewController.swift */ = {isa = PBXFileReference; lastKnownFileType = sourcecode.swift; path = HomeViewController.swift; sourceTree = "<group>"; };
		EDC6FB721FBB413B005738BE /* TabBarController.swift */ = {isa = PBXFileReference; lastKnownFileType = sourcecode.swift; path = TabBarController.swift; sourceTree = "<group>"; };
		EDC6FB741FBB415F005738BE /* SettingsViewController.swift */ = {isa = PBXFileReference; lastKnownFileType = sourcecode.swift; path = SettingsViewController.swift; sourceTree = "<group>"; };
		EDC6FB761FBB420D005738BE /* CoursesViewController.swift */ = {isa = PBXFileReference; lastKnownFileType = sourcecode.swift; path = CoursesViewController.swift; sourceTree = "<group>"; };
		EDC6FB781FBB42B0005738BE /* RootViewController.swift */ = {isa = PBXFileReference; lastKnownFileType = sourcecode.swift; path = RootViewController.swift; sourceTree = "<group>"; };
		EDC6FB7A1FBB4394005738BE /* AppearanceCustomizable.swift */ = {isa = PBXFileReference; lastKnownFileType = sourcecode.swift; path = AppearanceCustomizable.swift; sourceTree = "<group>"; };
		EDC6FB7C1FBB43E5005738BE /* Router.swift */ = {isa = PBXFileReference; lastKnownFileType = sourcecode.swift; path = Router.swift; sourceTree = "<group>"; };
		EDC6FB7F1FBCA5C0005738BE /* TableViewDataSources.swift */ = {isa = PBXFileReference; lastKnownFileType = sourcecode.swift; path = TableViewDataSources.swift; sourceTree = "<group>"; };
		EDC6FB811FBCA706005738BE /* LoadingTableViewCell.swift */ = {isa = PBXFileReference; lastKnownFileType = sourcecode.swift; path = LoadingTableViewCell.swift; sourceTree = "<group>"; };
		EDC6FB831FBCA758005738BE /* LoadingTableViewCell.xib */ = {isa = PBXFileReference; lastKnownFileType = file.xib; path = LoadingTableViewCell.xib; sourceTree = "<group>"; };
/* End PBXFileReference section */

/* Begin PBXFrameworksBuildPhase section */
		EDC6FB311FBB25D9005738BE /* Frameworks */ = {
			isa = PBXFrameworksBuildPhase;
			buildActionMask = 2147483647;
			files = (
				20010E18E3F7DC60DE456801 /* Pods_the_example_app_swift.framework in Frameworks */,
			);
			runOnlyForDeploymentPostprocessing = 0;
		};
		EDC6FB451FBB25D9005738BE /* Frameworks */ = {
			isa = PBXFrameworksBuildPhase;
			buildActionMask = 2147483647;
			files = (
				40D1021592A18340068D7EB1 /* Pods_the_example_app_swiftTests.framework in Frameworks */,
			);
			runOnlyForDeploymentPostprocessing = 0;
		};
/* End PBXFrameworksBuildPhase section */

/* Begin PBXGroup section */
		B616855B6FE80218A88CF214 /* Frameworks */ = {
			isa = PBXGroup;
			children = (
				C274FCE7DB9EA9C324CBA891 /* Pods_the_example_app_swift.framework */,
				1790B24DD04D1A0F2F6747C9 /* Pods_the_example_app_swiftTests.framework */,
			);
			name = Frameworks;
			sourceTree = "<group>";
		};
		ED2ECECD1FC6DDA0009981B3 /* TableAndCollectionViewEngine */ = {
			isa = PBXGroup;
			children = (
				ED68DD8E1FBF14E90034CB89 /* CellFactory.swift */,
				EDC6FB7F1FBCA5C0005738BE /* TableViewDataSources.swift */,
			);
			path = TableAndCollectionViewEngine;
			sourceTree = "<group>";
		};
		ED54BADF1FC5DA6100AA8199 /* TableViewCells */ = {
			isa = PBXGroup;
			children = (
				ED68DD8A1FBF0B700034CB89 /* CourseTableViewCell.swift */,
				ED68DD8C1FBF0B8C0034CB89 /* CourseTableViewCell.xib */,
				EDC6FB811FBCA706005738BE /* LoadingTableViewCell.swift */,
				EDC6FB831FBCA758005738BE /* LoadingTableViewCell.xib */,
				ED54BADB1FC5D0AD00AA8199 /* LessonCopyTableViewCell.swift */,
				ED54BADD1FC5D10A00AA8199 /* LessonCopyTableViewCell.xib */,
			);
			path = TableViewCells;
			sourceTree = "<group>";
		};
		EDC6FB2B1FBB25D9005738BE = {
			isa = PBXGroup;
			children = (
				EDC6FB671FBB30E9005738BE /* the-example-app.swift-Bridging-Header.h */,
				EDC6FB361FBB25D9005738BE /* the-example-app.swift */,
				EDC6FB4B1FBB25D9005738BE /* the-example-app.swiftTests */,
				EDC6FB351FBB25D9005738BE /* Products */,
				F8210E7588BAA5F2151B680B /* Pods */,
				B616855B6FE80218A88CF214 /* Frameworks */,
			);
			sourceTree = "<group>";
		};
		EDC6FB351FBB25D9005738BE /* Products */ = {
			isa = PBXGroup;
			children = (
				EDC6FB341FBB25D9005738BE /* the-example-app.swift.app */,
				EDC6FB481FBB25D9005738BE /* the-example-app.swiftTests.xctest */,
			);
			name = Products;
			sourceTree = "<group>";
		};
		EDC6FB361FBB25D9005738BE /* the-example-app.swift */ = {
			isa = PBXGroup;
			children = (
				EDC6FB371FBB25D9005738BE /* AppDelegate.swift */,
				EDC6FB681FBB331F005738BE /* UserSession.swift */,
				ED54BAE01FC5DDDD00AA8199 /* SVGAttributedStringBlockBuilder.swift */,
				EDC6FB7A1FBB4394005738BE /* AppearanceCustomizable.swift */,
				EDC6FB7C1FBB43E5005738BE /* Router.swift */,
				EDC6FB6A1FBB332A005738BE /* ServiceBus.swift */,
				EDC6FB781FBB42B0005738BE /* RootViewController.swift */,
				EDC6FB651FBB27CD005738BE /* Models.swift */,
				ED2ECECD1FC6DDA0009981B3 /* TableAndCollectionViewEngine */,
				ED54BADF1FC5DA6100AA8199 /* TableViewCells */,
				EDC6FB721FBB413B005738BE /* TabBarController.swift */,
				EDC6FB761FBB420D005738BE /* CoursesViewController.swift */,
				ED68DD901FBF16B20034CB89 /* CourseViewController.swift */,
				ED68DD921FBF17CC0034CB89 /* CourseView.xib */,
				EDC6FB701FBB40EC005738BE /* HomeViewController.swift */,
				EDC6FB741FBB415F005738BE /* SettingsViewController.swift */,
				EDC6FB391FBB25D9005738BE /* LessonViewController.swift */,
				EDC6FB6E1FBB3FFC005738BE /* ModuleTableViewCells.swift */,
				EDC6FB6C1FBB3F7F005738BE /* UIKit.swift */,
				EDC6FB3E1FBB25D9005738BE /* Assets.xcassets */,
				EDC6FB401FBB25D9005738BE /* LaunchScreen.storyboard */,
				EDC6FB431FBB25D9005738BE /* Info.plist */,
			);
			path = "the-example-app.swift";
			sourceTree = "<group>";
		};
		EDC6FB4B1FBB25D9005738BE /* the-example-app.swiftTests */ = {
			isa = PBXGroup;
			children = (
				EDC6FB4C1FBB25D9005738BE /* the_example_app_swiftTests.swift */,
				EDC6FB4E1FBB25D9005738BE /* Info.plist */,
			);
			path = "the-example-app.swiftTests";
			sourceTree = "<group>";
		};
		F8210E7588BAA5F2151B680B /* Pods */ = {
			isa = PBXGroup;
			children = (
				D7B86716D1A45CF29118018F /* Pods-the-example-app.swift.debug.xcconfig */,
				ED7B7A9B4959A959505F5FBD /* Pods-the-example-app.swift.release.xcconfig */,
				76AE267910597B9F0FB2766F /* Pods-the-example-app.swiftTests.debug.xcconfig */,
				BD4544A34AEB9C13C26A44F8 /* Pods-the-example-app.swiftTests.release.xcconfig */,
			);
			name = Pods;
			sourceTree = "<group>";
		};
/* End PBXGroup section */

/* Begin PBXNativeTarget section */
		EDC6FB331FBB25D9005738BE /* the-example-app.swift */ = {
			isa = PBXNativeTarget;
			buildConfigurationList = EDC6FB5C1FBB25D9005738BE /* Build configuration list for PBXNativeTarget "the-example-app.swift" */;
			buildPhases = (
				3D931876A7C8E867F4572B8B /* [CP] Check Pods Manifest.lock */,
				EDC6FB301FBB25D9005738BE /* Sources */,
				EDC6FB311FBB25D9005738BE /* Frameworks */,
				EDC6FB321FBB25D9005738BE /* Resources */,
				A06FFB69D89BA83A910BEF19 /* [CP] Embed Pods Frameworks */,
				D4DB66EE39D5C9F53FFFCFE6 /* [CP] Copy Pods Resources */,
			);
			buildRules = (
			);
			dependencies = (
			);
			name = "the-example-app.swift";
			productName = "the-example-app.swift";
			productReference = EDC6FB341FBB25D9005738BE /* the-example-app.swift.app */;
			productType = "com.apple.product-type.application";
		};
		EDC6FB471FBB25D9005738BE /* the-example-app.swiftTests */ = {
			isa = PBXNativeTarget;
			buildConfigurationList = EDC6FB5F1FBB25D9005738BE /* Build configuration list for PBXNativeTarget "the-example-app.swiftTests" */;
			buildPhases = (
				5BFD3743A9D3A61AB798C80F /* [CP] Check Pods Manifest.lock */,
				EDC6FB441FBB25D9005738BE /* Sources */,
				EDC6FB451FBB25D9005738BE /* Frameworks */,
				EDC6FB461FBB25D9005738BE /* Resources */,
				485A32752B6EDC1BEA6EB5E5 /* [CP] Embed Pods Frameworks */,
				DB3EEC7B5BC906643C3FD166 /* [CP] Copy Pods Resources */,
			);
			buildRules = (
			);
			dependencies = (
				EDC6FB4A1FBB25D9005738BE /* PBXTargetDependency */,
			);
			name = "the-example-app.swiftTests";
			productName = "the-example-app.swiftTests";
			productReference = EDC6FB481FBB25D9005738BE /* the-example-app.swiftTests.xctest */;
			productType = "com.apple.product-type.bundle.unit-test";
		};
/* End PBXNativeTarget section */

/* Begin PBXProject section */
		EDC6FB2C1FBB25D9005738BE /* Project object */ = {
			isa = PBXProject;
			attributes = {
				LastSwiftUpdateCheck = 0910;
				LastUpgradeCheck = 0910;
				ORGANIZATIONNAME = Contentful;
				TargetAttributes = {
					EDC6FB331FBB25D9005738BE = {
						CreatedOnToolsVersion = 9.1;
						ProvisioningStyle = Automatic;
					};
					EDC6FB471FBB25D9005738BE = {
						CreatedOnToolsVersion = 9.1;
						ProvisioningStyle = Automatic;
						TestTargetID = EDC6FB331FBB25D9005738BE;
					};
				};
			};
			buildConfigurationList = EDC6FB2F1FBB25D9005738BE /* Build configuration list for PBXProject "the-example-app.swift" */;
			compatibilityVersion = "Xcode 8.0";
			developmentRegion = en;
			hasScannedForEncodings = 0;
			knownRegions = (
				en,
				Base,
			);
			mainGroup = EDC6FB2B1FBB25D9005738BE;
			productRefGroup = EDC6FB351FBB25D9005738BE /* Products */;
			projectDirPath = "";
			projectRoot = "";
			targets = (
				EDC6FB331FBB25D9005738BE /* the-example-app.swift */,
				EDC6FB471FBB25D9005738BE /* the-example-app.swiftTests */,
			);
		};
/* End PBXProject section */

/* Begin PBXResourcesBuildPhase section */
		EDC6FB321FBB25D9005738BE /* Resources */ = {
			isa = PBXResourcesBuildPhase;
			buildActionMask = 2147483647;
			files = (
				ED68DD8D1FBF0B8C0034CB89 /* CourseTableViewCell.xib in Resources */,
				EDC6FB841FBCA758005738BE /* LoadingTableViewCell.xib in Resources */,
				EDC6FB421FBB25D9005738BE /* LaunchScreen.storyboard in Resources */,
				ED68DD931FBF17CC0034CB89 /* CourseView.xib in Resources */,
				ED54BADE1FC5D10A00AA8199 /* LessonCopyTableViewCell.xib in Resources */,
				EDC6FB3F1FBB25D9005738BE /* Assets.xcassets in Resources */,
			);
			runOnlyForDeploymentPostprocessing = 0;
		};
		EDC6FB461FBB25D9005738BE /* Resources */ = {
			isa = PBXResourcesBuildPhase;
			buildActionMask = 2147483647;
			files = (
			);
			runOnlyForDeploymentPostprocessing = 0;
		};
/* End PBXResourcesBuildPhase section */

/* Begin PBXShellScriptBuildPhase section */
		3D931876A7C8E867F4572B8B /* [CP] Check Pods Manifest.lock */ = {
			isa = PBXShellScriptBuildPhase;
			buildActionMask = 2147483647;
			files = (
			);
			inputPaths = (
				"${PODS_PODFILE_DIR_PATH}/Podfile.lock",
				"${PODS_ROOT}/Manifest.lock",
			);
			name = "[CP] Check Pods Manifest.lock";
			outputPaths = (
				"$(DERIVED_FILE_DIR)/Pods-the-example-app.swift-checkManifestLockResult.txt",
			);
			runOnlyForDeploymentPostprocessing = 0;
			shellPath = /bin/sh;
			shellScript = "diff \"${PODS_PODFILE_DIR_PATH}/Podfile.lock\" \"${PODS_ROOT}/Manifest.lock\" > /dev/null\nif [ $? != 0 ] ; then\n    # print error to STDERR\n    echo \"error: The sandbox is not in sync with the Podfile.lock. Run 'pod install' or update your CocoaPods installation.\" >&2\n    exit 1\nfi\n# This output is used by Xcode 'outputs' to avoid re-running this script phase.\necho \"SUCCESS\" > \"${SCRIPT_OUTPUT_FILE_0}\"\n";
			showEnvVarsInLog = 0;
		};
		485A32752B6EDC1BEA6EB5E5 /* [CP] Embed Pods Frameworks */ = {
			isa = PBXShellScriptBuildPhase;
			buildActionMask = 2147483647;
			files = (
			);
			inputPaths = (
			);
			name = "[CP] Embed Pods Frameworks";
			outputPaths = (
			);
			runOnlyForDeploymentPostprocessing = 0;
			shellPath = /bin/sh;
			shellScript = "\"${SRCROOT}/Pods/Target Support Files/Pods-the-example-app.swiftTests/Pods-the-example-app.swiftTests-frameworks.sh\"\n";
			showEnvVarsInLog = 0;
		};
		5BFD3743A9D3A61AB798C80F /* [CP] Check Pods Manifest.lock */ = {
			isa = PBXShellScriptBuildPhase;
			buildActionMask = 2147483647;
			files = (
			);
			inputPaths = (
				"${PODS_PODFILE_DIR_PATH}/Podfile.lock",
				"${PODS_ROOT}/Manifest.lock",
			);
			name = "[CP] Check Pods Manifest.lock";
			outputPaths = (
				"$(DERIVED_FILE_DIR)/Pods-the-example-app.swiftTests-checkManifestLockResult.txt",
			);
			runOnlyForDeploymentPostprocessing = 0;
			shellPath = /bin/sh;
			shellScript = "diff \"${PODS_PODFILE_DIR_PATH}/Podfile.lock\" \"${PODS_ROOT}/Manifest.lock\" > /dev/null\nif [ $? != 0 ] ; then\n    # print error to STDERR\n    echo \"error: The sandbox is not in sync with the Podfile.lock. Run 'pod install' or update your CocoaPods installation.\" >&2\n    exit 1\nfi\n# This output is used by Xcode 'outputs' to avoid re-running this script phase.\necho \"SUCCESS\" > \"${SCRIPT_OUTPUT_FILE_0}\"\n";
			showEnvVarsInLog = 0;
		};
		A06FFB69D89BA83A910BEF19 /* [CP] Embed Pods Frameworks */ = {
			isa = PBXShellScriptBuildPhase;
			buildActionMask = 2147483647;
			files = (
			);
			inputPaths = (
				"${SRCROOT}/Pods/Target Support Files/Pods-the-example-app.swift/Pods-the-example-app.swift-frameworks.sh",
				"${BUILT_PRODUCTS_DIR}/Contentful/Contentful.framework",
				"${BUILT_PRODUCTS_DIR}/Interstellar/Interstellar.framework",
				"${BUILT_PRODUCTS_DIR}/Keys/Keys.framework",
				"${BUILT_PRODUCTS_DIR}/markymark/markymark.framework",
			);
			name = "[CP] Embed Pods Frameworks";
			outputPaths = (
				"${TARGET_BUILD_DIR}/${FRAMEWORKS_FOLDER_PATH}/Contentful.framework",
				"${TARGET_BUILD_DIR}/${FRAMEWORKS_FOLDER_PATH}/Interstellar.framework",
				"${TARGET_BUILD_DIR}/${FRAMEWORKS_FOLDER_PATH}/Keys.framework",
				"${TARGET_BUILD_DIR}/${FRAMEWORKS_FOLDER_PATH}/markymark.framework",
			);
			runOnlyForDeploymentPostprocessing = 0;
			shellPath = /bin/sh;
			shellScript = "\"${SRCROOT}/Pods/Target Support Files/Pods-the-example-app.swift/Pods-the-example-app.swift-frameworks.sh\"\n";
			showEnvVarsInLog = 0;
		};
		D4DB66EE39D5C9F53FFFCFE6 /* [CP] Copy Pods Resources */ = {
			isa = PBXShellScriptBuildPhase;
			buildActionMask = 2147483647;
			files = (
			);
			inputPaths = (
			);
			name = "[CP] Copy Pods Resources";
			outputPaths = (
			);
			runOnlyForDeploymentPostprocessing = 0;
			shellPath = /bin/sh;
			shellScript = "\"${SRCROOT}/Pods/Target Support Files/Pods-the-example-app.swift/Pods-the-example-app.swift-resources.sh\"\n";
			showEnvVarsInLog = 0;
		};
		DB3EEC7B5BC906643C3FD166 /* [CP] Copy Pods Resources */ = {
			isa = PBXShellScriptBuildPhase;
			buildActionMask = 2147483647;
			files = (
			);
			inputPaths = (
			);
			name = "[CP] Copy Pods Resources";
			outputPaths = (
			);
			runOnlyForDeploymentPostprocessing = 0;
			shellPath = /bin/sh;
			shellScript = "\"${SRCROOT}/Pods/Target Support Files/Pods-the-example-app.swiftTests/Pods-the-example-app.swiftTests-resources.sh\"\n";
			showEnvVarsInLog = 0;
		};
/* End PBXShellScriptBuildPhase section */

/* Begin PBXSourcesBuildPhase section */
		EDC6FB301FBB25D9005738BE /* Sources */ = {
			isa = PBXSourcesBuildPhase;
			buildActionMask = 2147483647;
			files = (
				EDC6FB661FBB27CD005738BE /* Models.swift in Sources */,
				EDC6FB3A1FBB25D9005738BE /* LessonViewController.swift in Sources */,
				ED68DD8B1FBF0B700034CB89 /* CourseTableViewCell.swift in Sources */,
				EDC6FB771FBB420D005738BE /* CoursesViewController.swift in Sources */,
				EDC6FB7B1FBB4394005738BE /* AppearanceCustomizable.swift in Sources */,
				EDC6FB381FBB25D9005738BE /* AppDelegate.swift in Sources */,
				EDC6FB751FBB415F005738BE /* SettingsViewController.swift in Sources */,
				EDC6FB821FBCA706005738BE /* LoadingTableViewCell.swift in Sources */,
				EDC6FB731FBB413B005738BE /* TabBarController.swift in Sources */,
				EDC6FB711FBB40EC005738BE /* HomeViewController.swift in Sources */,
				EDC6FB801FBCA5C0005738BE /* TableViewDataSources.swift in Sources */,
				EDC6FB6B1FBB332A005738BE /* ServiceBus.swift in Sources */,
				ED68DD911FBF16B20034CB89 /* CourseViewController.swift in Sources */,
				EDC6FB6F1FBB3FFC005738BE /* ModuleTableViewCells.swift in Sources */,
				ED54BADC1FC5D0AD00AA8199 /* LessonCopyTableViewCell.swift in Sources */,
				ED68DD8F1FBF14E90034CB89 /* CellFactory.swift in Sources */,
				EDC6FB7E1FBC47CF005738BE /* RootViewController.swift in Sources */,
				ED54BAE11FC5DDDD00AA8199 /* SVGAttributedStringBlockBuilder.swift in Sources */,
				EDC6FB7D1FBB43E5005738BE /* Router.swift in Sources */,
				EDC6FB6D1FBB3F7F005738BE /* UIKit.swift in Sources */,
				EDC6FB691FBB331F005738BE /* UserSession.swift in Sources */,
			);
			runOnlyForDeploymentPostprocessing = 0;
		};
		EDC6FB441FBB25D9005738BE /* Sources */ = {
			isa = PBXSourcesBuildPhase;
			buildActionMask = 2147483647;
			files = (
				EDC6FB4D1FBB25D9005738BE /* the_example_app_swiftTests.swift in Sources */,
			);
			runOnlyForDeploymentPostprocessing = 0;
		};
/* End PBXSourcesBuildPhase section */

/* Begin PBXTargetDependency section */
		EDC6FB4A1FBB25D9005738BE /* PBXTargetDependency */ = {
			isa = PBXTargetDependency;
			target = EDC6FB331FBB25D9005738BE /* the-example-app.swift */;
			targetProxy = EDC6FB491FBB25D9005738BE /* PBXContainerItemProxy */;
		};
/* End PBXTargetDependency section */

/* Begin PBXVariantGroup section */
		EDC6FB401FBB25D9005738BE /* LaunchScreen.storyboard */ = {
			isa = PBXVariantGroup;
			children = (
				EDC6FB411FBB25D9005738BE /* Base */,
			);
			name = LaunchScreen.storyboard;
			sourceTree = "<group>";
		};
/* End PBXVariantGroup section */

/* Begin XCBuildConfiguration section */
		EDC6FB5A1FBB25D9005738BE /* Debug */ = {
			isa = XCBuildConfiguration;
			buildSettings = {
				ALWAYS_SEARCH_USER_PATHS = NO;
				CLANG_ANALYZER_NONNULL = YES;
				CLANG_ANALYZER_NUMBER_OBJECT_CONVERSION = YES_AGGRESSIVE;
				CLANG_CXX_LANGUAGE_STANDARD = "gnu++14";
				CLANG_CXX_LIBRARY = "libc++";
				CLANG_ENABLE_MODULES = YES;
				CLANG_ENABLE_OBJC_ARC = YES;
				CLANG_WARN_BLOCK_CAPTURE_AUTORELEASING = YES;
				CLANG_WARN_BOOL_CONVERSION = YES;
				CLANG_WARN_COMMA = YES;
				CLANG_WARN_CONSTANT_CONVERSION = YES;
				CLANG_WARN_DIRECT_OBJC_ISA_USAGE = YES_ERROR;
				CLANG_WARN_DOCUMENTATION_COMMENTS = YES;
				CLANG_WARN_EMPTY_BODY = YES;
				CLANG_WARN_ENUM_CONVERSION = YES;
				CLANG_WARN_INFINITE_RECURSION = YES;
				CLANG_WARN_INT_CONVERSION = YES;
				CLANG_WARN_NON_LITERAL_NULL_CONVERSION = YES;
				CLANG_WARN_OBJC_LITERAL_CONVERSION = YES;
				CLANG_WARN_OBJC_ROOT_CLASS = YES_ERROR;
				CLANG_WARN_RANGE_LOOP_ANALYSIS = YES;
				CLANG_WARN_STRICT_PROTOTYPES = YES;
				CLANG_WARN_SUSPICIOUS_MOVE = YES;
				CLANG_WARN_UNGUARDED_AVAILABILITY = YES_AGGRESSIVE;
				CLANG_WARN_UNREACHABLE_CODE = YES;
				CLANG_WARN__DUPLICATE_METHOD_MATCH = YES;
				CODE_SIGN_IDENTITY = "iPhone Developer";
				COPY_PHASE_STRIP = NO;
				DEBUG_INFORMATION_FORMAT = dwarf;
				ENABLE_STRICT_OBJC_MSGSEND = YES;
				ENABLE_TESTABILITY = YES;
				GCC_C_LANGUAGE_STANDARD = gnu11;
				GCC_DYNAMIC_NO_PIC = NO;
				GCC_NO_COMMON_BLOCKS = YES;
				GCC_OPTIMIZATION_LEVEL = 0;
				GCC_PREPROCESSOR_DEFINITIONS = (
					"DEBUG=1",
					"$(inherited)",
				);
				GCC_WARN_64_TO_32_BIT_CONVERSION = YES;
				GCC_WARN_ABOUT_RETURN_TYPE = YES_ERROR;
				GCC_WARN_UNDECLARED_SELECTOR = YES;
				GCC_WARN_UNINITIALIZED_AUTOS = YES_AGGRESSIVE;
				GCC_WARN_UNUSED_FUNCTION = YES;
				GCC_WARN_UNUSED_VARIABLE = YES;
				IPHONEOS_DEPLOYMENT_TARGET = 11.1;
				MTL_ENABLE_DEBUG_INFO = YES;
				ONLY_ACTIVE_ARCH = YES;
				SDKROOT = iphoneos;
				SWIFT_ACTIVE_COMPILATION_CONDITIONS = DEBUG;
				SWIFT_OPTIMIZATION_LEVEL = "-Onone";
			};
			name = Debug;
		};
		EDC6FB5B1FBB25D9005738BE /* Release */ = {
			isa = XCBuildConfiguration;
			buildSettings = {
				ALWAYS_SEARCH_USER_PATHS = NO;
				CLANG_ANALYZER_NONNULL = YES;
				CLANG_ANALYZER_NUMBER_OBJECT_CONVERSION = YES_AGGRESSIVE;
				CLANG_CXX_LANGUAGE_STANDARD = "gnu++14";
				CLANG_CXX_LIBRARY = "libc++";
				CLANG_ENABLE_MODULES = YES;
				CLANG_ENABLE_OBJC_ARC = YES;
				CLANG_WARN_BLOCK_CAPTURE_AUTORELEASING = YES;
				CLANG_WARN_BOOL_CONVERSION = YES;
				CLANG_WARN_COMMA = YES;
				CLANG_WARN_CONSTANT_CONVERSION = YES;
				CLANG_WARN_DIRECT_OBJC_ISA_USAGE = YES_ERROR;
				CLANG_WARN_DOCUMENTATION_COMMENTS = YES;
				CLANG_WARN_EMPTY_BODY = YES;
				CLANG_WARN_ENUM_CONVERSION = YES;
				CLANG_WARN_INFINITE_RECURSION = YES;
				CLANG_WARN_INT_CONVERSION = YES;
				CLANG_WARN_NON_LITERAL_NULL_CONVERSION = YES;
				CLANG_WARN_OBJC_LITERAL_CONVERSION = YES;
				CLANG_WARN_OBJC_ROOT_CLASS = YES_ERROR;
				CLANG_WARN_RANGE_LOOP_ANALYSIS = YES;
				CLANG_WARN_STRICT_PROTOTYPES = YES;
				CLANG_WARN_SUSPICIOUS_MOVE = YES;
				CLANG_WARN_UNGUARDED_AVAILABILITY = YES_AGGRESSIVE;
				CLANG_WARN_UNREACHABLE_CODE = YES;
				CLANG_WARN__DUPLICATE_METHOD_MATCH = YES;
				CODE_SIGN_IDENTITY = "iPhone Developer";
				COPY_PHASE_STRIP = NO;
				DEBUG_INFORMATION_FORMAT = "dwarf-with-dsym";
				ENABLE_NS_ASSERTIONS = NO;
				ENABLE_STRICT_OBJC_MSGSEND = YES;
				GCC_C_LANGUAGE_STANDARD = gnu11;
				GCC_NO_COMMON_BLOCKS = YES;
				GCC_WARN_64_TO_32_BIT_CONVERSION = YES;
				GCC_WARN_ABOUT_RETURN_TYPE = YES_ERROR;
				GCC_WARN_UNDECLARED_SELECTOR = YES;
				GCC_WARN_UNINITIALIZED_AUTOS = YES_AGGRESSIVE;
				GCC_WARN_UNUSED_FUNCTION = YES;
				GCC_WARN_UNUSED_VARIABLE = YES;
				IPHONEOS_DEPLOYMENT_TARGET = 11.1;
				MTL_ENABLE_DEBUG_INFO = NO;
				SDKROOT = iphoneos;
				SWIFT_OPTIMIZATION_LEVEL = "-Owholemodule";
				VALIDATE_PRODUCT = YES;
			};
			name = Release;
		};
		EDC6FB5D1FBB25D9005738BE /* Debug */ = {
			isa = XCBuildConfiguration;
			baseConfigurationReference = D7B86716D1A45CF29118018F /* Pods-the-example-app.swift.debug.xcconfig */;
			buildSettings = {
				ASSETCATALOG_COMPILER_APPICON_NAME = AppIcon;
				CODE_SIGN_STYLE = Automatic;
				DEVELOPMENT_TEAM = RWJ5E97L7R;
				INFOPLIST_FILE = "the-example-app.swift/Info.plist";
				LD_RUNPATH_SEARCH_PATHS = "$(inherited) @executable_path/Frameworks";
				PRODUCT_BUNDLE_IDENTIFIER = "the-example-app-swift";
				PRODUCT_NAME = "$(TARGET_NAME)";
				SWIFT_VERSION = 4.0;
				TARGETED_DEVICE_FAMILY = "1,2";
			};
			name = Debug;
		};
		EDC6FB5E1FBB25D9005738BE /* Release */ = {
			isa = XCBuildConfiguration;
			baseConfigurationReference = ED7B7A9B4959A959505F5FBD /* Pods-the-example-app.swift.release.xcconfig */;
			buildSettings = {
				ASSETCATALOG_COMPILER_APPICON_NAME = AppIcon;
				CODE_SIGN_STYLE = Automatic;
				DEVELOPMENT_TEAM = RWJ5E97L7R;
				INFOPLIST_FILE = "the-example-app.swift/Info.plist";
				LD_RUNPATH_SEARCH_PATHS = "$(inherited) @executable_path/Frameworks";
				PRODUCT_BUNDLE_IDENTIFIER = "the-example-app-swift";
				PRODUCT_NAME = "$(TARGET_NAME)";
				SWIFT_VERSION = 4.0;
				TARGETED_DEVICE_FAMILY = "1,2";
			};
			name = Release;
		};
		EDC6FB601FBB25D9005738BE /* Debug */ = {
			isa = XCBuildConfiguration;
			baseConfigurationReference = 76AE267910597B9F0FB2766F /* Pods-the-example-app.swiftTests.debug.xcconfig */;
			buildSettings = {
				ALWAYS_EMBED_SWIFT_STANDARD_LIBRARIES = YES;
				BUNDLE_LOADER = "$(TEST_HOST)";
				CODE_SIGN_STYLE = Automatic;
				DEVELOPMENT_TEAM = RWJ5E97L7R;
				INFOPLIST_FILE = "the-example-app.swiftTests/Info.plist";
				LD_RUNPATH_SEARCH_PATHS = "$(inherited) @executable_path/Frameworks @loader_path/Frameworks";
				PRODUCT_BUNDLE_IDENTIFIER = "com.contentful.the-example-app-swiftTests";
				PRODUCT_NAME = "$(TARGET_NAME)";
				SWIFT_VERSION = 4.0;
				TARGETED_DEVICE_FAMILY = "1,2";
				TEST_HOST = "$(BUILT_PRODUCTS_DIR)/the-example-app.swift.app/the-example-app.swift";
			};
			name = Debug;
		};
		EDC6FB611FBB25D9005738BE /* Release */ = {
			isa = XCBuildConfiguration;
			baseConfigurationReference = BD4544A34AEB9C13C26A44F8 /* Pods-the-example-app.swiftTests.release.xcconfig */;
			buildSettings = {
				ALWAYS_EMBED_SWIFT_STANDARD_LIBRARIES = YES;
				BUNDLE_LOADER = "$(TEST_HOST)";
				CODE_SIGN_STYLE = Automatic;
				DEVELOPMENT_TEAM = RWJ5E97L7R;
				INFOPLIST_FILE = "the-example-app.swiftTests/Info.plist";
				LD_RUNPATH_SEARCH_PATHS = "$(inherited) @executable_path/Frameworks @loader_path/Frameworks";
				PRODUCT_BUNDLE_IDENTIFIER = "com.contentful.the-example-app-swiftTests";
				PRODUCT_NAME = "$(TARGET_NAME)";
				SWIFT_VERSION = 4.0;
				TARGETED_DEVICE_FAMILY = "1,2";
				TEST_HOST = "$(BUILT_PRODUCTS_DIR)/the-example-app.swift.app/the-example-app.swift";
			};
			name = Release;
		};
/* End XCBuildConfiguration section */

/* Begin XCConfigurationList section */
		EDC6FB2F1FBB25D9005738BE /* Build configuration list for PBXProject "the-example-app.swift" */ = {
			isa = XCConfigurationList;
			buildConfigurations = (
				EDC6FB5A1FBB25D9005738BE /* Debug */,
				EDC6FB5B1FBB25D9005738BE /* Release */,
			);
			defaultConfigurationIsVisible = 0;
			defaultConfigurationName = Release;
		};
		EDC6FB5C1FBB25D9005738BE /* Build configuration list for PBXNativeTarget "the-example-app.swift" */ = {
			isa = XCConfigurationList;
			buildConfigurations = (
				EDC6FB5D1FBB25D9005738BE /* Debug */,
				EDC6FB5E1FBB25D9005738BE /* Release */,
			);
			defaultConfigurationIsVisible = 0;
			defaultConfigurationName = Release;
		};
		EDC6FB5F1FBB25D9005738BE /* Build configuration list for PBXNativeTarget "the-example-app.swiftTests" */ = {
			isa = XCConfigurationList;
			buildConfigurations = (
				EDC6FB601FBB25D9005738BE /* Debug */,
				EDC6FB611FBB25D9005738BE /* Release */,
			);
			defaultConfigurationIsVisible = 0;
			defaultConfigurationName = Release;
		};
/* End XCConfigurationList section */
	};
	rootObject = EDC6FB2C1FBB25D9005738BE /* Project object */;
}
