// !$*UTF8*$!
{
	archiveVersion = 1;
	classes = {
	};
	objectVersion = 48;
	objects = {

/* Begin PBXBuildFile section */
		0EBCE060F89349FE1EDBBC2D /* Pods_the_example_app_swift.framework in Frameworks */ = {isa = PBXBuildFile; fileRef = E8CC44D9CEEE13FD45BC6EB4 /* Pods_the_example_app_swift.framework */; };
		5D001E6620044AE300AC5A4C /* CredentialTextField.swift in Sources */ = {isa = PBXBuildFile; fileRef = 5D001E6520044AE300AC5A4C /* CredentialTextField.swift */; };
		5D1084F5200571D800489072 /* AlertControllers.swift in Sources */ = {isa = PBXBuildFile; fileRef = 5D1084F4200571D800489072 /* AlertControllers.swift */; };
		5D1084FB2006ACCB00489072 /* SessionTests.swift in Sources */ = {isa = PBXBuildFile; fileRef = 5D1084FA2006ACCB00489072 /* SessionTests.swift */; };
		5D245F912007FD5F009D088B /* CoursesTableViewController.swift in Sources */ = {isa = PBXBuildFile; fileRef = 5D245F902007FD5F009D088B /* CoursesTableViewController.swift */; };
		5D4512E920094FEF003FD42F /* ToggleTableViewCell.xib in Resources */ = {isa = PBXBuildFile; fileRef = 5D4512E820094FEF003FD42F /* ToggleTableViewCell.xib */; };
		5D5490A8200972C100DD84E9 /* Localization.swift in Sources */ = {isa = PBXBuildFile; fileRef = 5D5490A7200972C100DD84E9 /* Localization.swift */; };
		5D6871DB20093BE00050668C /* ToggleTableViewCell.swift in Sources */ = {isa = PBXBuildFile; fileRef = 5D6871DA20093BE00050668C /* ToggleTableViewCell.swift */; };
		5D7BB62B200D622A003E1E70 /* ConnectedSpaceViewController.swift in Sources */ = {isa = PBXBuildFile; fileRef = 5D7BB62A200D622A003E1E70 /* ConnectedSpaceViewController.swift */; };
		5D7BB62D200D6241003E1E70 /* ConnectedSpaceViewController.storyboard in Resources */ = {isa = PBXBuildFile; fileRef = 5D7BB62C200D6241003E1E70 /* ConnectedSpaceViewController.storyboard */; };
		5D7BB630200D7B7A003E1E70 /* LayoutHeroImageTableViewCell.xib in Resources */ = {isa = PBXBuildFile; fileRef = 5D7BB62F200D7B7A003E1E70 /* LayoutHeroImageTableViewCell.xib */; };
		5D7BB632200D7B86003E1E70 /* LayoutCopyDefaultTableViewCell.xib in Resources */ = {isa = PBXBuildFile; fileRef = 5D7BB631200D7B86003E1E70 /* LayoutCopyDefaultTableViewCell.xib */; };
		5D7BB634200D83E7003E1E70 /* UIImageView+Contentful.swift in Sources */ = {isa = PBXBuildFile; fileRef = 5D7BB633200D83E7003E1E70 /* UIImageView+Contentful.swift */; };
		5D7BB636200D88A2003E1E70 /* LayoutCopyEmphasizedTableViewCell.swift in Sources */ = {isa = PBXBuildFile; fileRef = 5D7BB635200D88A2003E1E70 /* LayoutCopyEmphasizedTableViewCell.swift */; };
		5D7BB638200D88FE003E1E70 /* LayoutCopyEmphasizedTableViewCell.xib in Resources */ = {isa = PBXBuildFile; fileRef = 5D7BB637200D88FE003E1E70 /* LayoutCopyEmphasizedTableViewCell.xib */; };
		5D7BB63A200E86AB003E1E70 /* ContentfulCredentials.swift in Sources */ = {isa = PBXBuildFile; fileRef = 5D7BB639200E86AB003E1E70 /* ContentfulCredentials.swift */; };
		5D7BB63C200E86E8003E1E70 /* ContentfulService.swift in Sources */ = {isa = PBXBuildFile; fileRef = 5D7BB63B200E86E8003E1E70 /* ContentfulService.swift */; };
		5DB17D2E2007F727007956DA /* Markdown.swift in Sources */ = {isa = PBXBuildFile; fileRef = 5DB17D2D2007F727007956DA /* Markdown.swift */; };
		5DFB7397200D0E0500735039 /* SettingsViewController.storyboard in Resources */ = {isa = PBXBuildFile; fileRef = 5DFB7396200D0E0500735039 /* SettingsViewController.storyboard */; };
		5DFB7399200D24B700735039 /* SettingsErrorHeader.swift in Sources */ = {isa = PBXBuildFile; fileRef = 5DFB7398200D24B700735039 /* SettingsErrorHeader.swift */; };
		5DFB739B200D250B00735039 /* SettingsErrorHeader.xib in Resources */ = {isa = PBXBuildFile; fileRef = 5DFB739A200D250B00735039 /* SettingsErrorHeader.xib */; };
		E3381702EAB12ADDD5CE9210 /* Pods_the_example_app_swiftTests.framework in Frameworks */ = {isa = PBXBuildFile; fileRef = 5ECE69A8828E3974238771B5 /* Pods_the_example_app_swiftTests.framework */; };
		ED2ECED11FC6EF8C009981B3 /* LessonsCollectionViewController.swift in Sources */ = {isa = PBXBuildFile; fileRef = ED2ECED01FC6EF8C009981B3 /* LessonsCollectionViewController.swift */; };
		ED2ECED41FC6F578009981B3 /* LessonCollectionViewCell.swift in Sources */ = {isa = PBXBuildFile; fileRef = ED2ECED31FC6F578009981B3 /* LessonCollectionViewCell.swift */; };
		ED2ECED61FC70097009981B3 /* LessonCollectionViewCell.xib in Resources */ = {isa = PBXBuildFile; fileRef = ED2ECED51FC70097009981B3 /* LessonCollectionViewCell.xib */; };
		ED2ECED81FC705EB009981B3 /* LessonImageTableViewCell.xib in Resources */ = {isa = PBXBuildFile; fileRef = ED2ECED71FC705EB009981B3 /* LessonImageTableViewCell.xib */; };
		ED2ECEDA1FC705F6009981B3 /* LessonImageTableViewCell.swift in Sources */ = {isa = PBXBuildFile; fileRef = ED2ECED91FC705F6009981B3 /* LessonImageTableViewCell.swift */; };
		ED31363E2021E74A0089D9D3 /* Course.swift in Sources */ = {isa = PBXBuildFile; fileRef = ED31363D2021E74A0089D9D3 /* Course.swift */; };
		ED3136402021EAA10089D9D3 /* LessonModules.swift in Sources */ = {isa = PBXBuildFile; fileRef = ED31363F2021EAA10089D9D3 /* LessonModules.swift */; };
		ED3136422021EAAA0089D9D3 /* LayoutModules.swift in Sources */ = {isa = PBXBuildFile; fileRef = ED3136412021EAAA0089D9D3 /* LayoutModules.swift */; };
		ED3136442021EADB0089D9D3 /* HomeLayout.swift in Sources */ = {isa = PBXBuildFile; fileRef = ED3136432021EADB0089D9D3 /* HomeLayout.swift */; };
		ED3136462021EAF80089D9D3 /* Lesson.swift in Sources */ = {isa = PBXBuildFile; fileRef = ED3136452021EAF80089D9D3 /* Lesson.swift */; };
		ED3136482021EB0F0089D9D3 /* Category.swift in Sources */ = {isa = PBXBuildFile; fileRef = ED3136472021EB0F0089D9D3 /* Category.swift */; };
		ED539858201B34780087AD7B /* ErrorTableViewCell.swift in Sources */ = {isa = PBXBuildFile; fileRef = ED539857201B34780087AD7B /* ErrorTableViewCell.swift */; };
		ED53985A201B34EC0087AD7B /* ErrorTableViewCell.xib in Resources */ = {isa = PBXBuildFile; fileRef = ED539859201B34EC0087AD7B /* ErrorTableViewCell.xib */; };
		ED539862201F22D60087AD7B /* GoogleService-Info.plist in Resources */ = {isa = PBXBuildFile; fileRef = ED539861201F22D60087AD7B /* GoogleService-Info.plist */; };
		ED539865201F2A830087AD7B /* Analytics.swift in Sources */ = {isa = PBXBuildFile; fileRef = ED539864201F2A830087AD7B /* Analytics.swift */; };
		ED5398682020D2F50087AD7B /* DeepLinkTests.swift in Sources */ = {isa = PBXBuildFile; fileRef = ED5398672020D2F50087AD7B /* DeepLinkTests.swift */; };
		ED54BADC1FC5D0AD00AA8199 /* LessonCopyTableViewCell.swift in Sources */ = {isa = PBXBuildFile; fileRef = ED54BADB1FC5D0AD00AA8199 /* LessonCopyTableViewCell.swift */; };
		ED54BADE1FC5D10A00AA8199 /* LessonCopyTableViewCell.xib in Resources */ = {isa = PBXBuildFile; fileRef = ED54BADD1FC5D10A00AA8199 /* LessonCopyTableViewCell.xib */; };
		ED54BAE11FC5DDDD00AA8199 /* SVGAttributedStringBlockBuilder.swift in Sources */ = {isa = PBXBuildFile; fileRef = ED54BAE01FC5DDDD00AA8199 /* SVGAttributedStringBlockBuilder.swift */; };
		ED5ED288201A634E00B129F8 /* ResourceStatesTableViewCell.xib in Resources */ = {isa = PBXBuildFile; fileRef = EDD2D9171FDAEED300DDA12C /* ResourceStatesTableViewCell.xib */; };
		ED62BC2E1FC8524D0004513A /* TabBarNavigationController.swift in Sources */ = {isa = PBXBuildFile; fileRef = ED62BC2D1FC8524D0004513A /* TabBarNavigationController.swift */; };
		ED68DD8B1FBF0B700034CB89 /* CourseTableViewCell.swift in Sources */ = {isa = PBXBuildFile; fileRef = ED68DD8A1FBF0B700034CB89 /* CourseTableViewCell.swift */; };
		ED68DD8D1FBF0B8C0034CB89 /* CourseTableViewCell.xib in Resources */ = {isa = PBXBuildFile; fileRef = ED68DD8C1FBF0B8C0034CB89 /* CourseTableViewCell.xib */; };
		ED68DD8F1FBF14E90034CB89 /* CellFactory.swift in Sources */ = {isa = PBXBuildFile; fileRef = ED68DD8E1FBF14E90034CB89 /* CellFactory.swift */; };
		ED68DD911FBF16B20034CB89 /* CourseViewController.swift in Sources */ = {isa = PBXBuildFile; fileRef = ED68DD901FBF16B20034CB89 /* CourseViewController.swift */; };
		ED6F20722035C6D100094D51 /* Errors.swift in Sources */ = {isa = PBXBuildFile; fileRef = ED6F20712035C6D100094D51 /* Errors.swift */; };
		ED7577131FDEC9210033D7A4 /* SFMono-Heavy.otf in Resources */ = {isa = PBXBuildFile; fileRef = ED7576E91FDEC91D0033D7A4 /* SFMono-Heavy.otf */; };
		ED7577141FDEC9210033D7A4 /* SFMono-HeavyItalic.otf in Resources */ = {isa = PBXBuildFile; fileRef = ED7576EA1FDEC91D0033D7A4 /* SFMono-HeavyItalic.otf */; };
		ED7577151FDEC9210033D7A4 /* SFMono-Medium.otf in Resources */ = {isa = PBXBuildFile; fileRef = ED7576EB1FDEC91D0033D7A4 /* SFMono-Medium.otf */; };
		ED7577161FDEC9210033D7A4 /* SFMono-MediumItalic.otf in Resources */ = {isa = PBXBuildFile; fileRef = ED7576EC1FDEC91D0033D7A4 /* SFMono-MediumItalic.otf */; };
		ED75771C1FDEC9210033D7A4 /* SFMono-Bold.otf in Resources */ = {isa = PBXBuildFile; fileRef = ED7576F21FDEC91E0033D7A4 /* SFMono-Bold.otf */; };
		ED75771D1FDEC9210033D7A4 /* SFMono-SemiboldItalic.otf in Resources */ = {isa = PBXBuildFile; fileRef = ED7576F31FDEC91E0033D7A4 /* SFMono-SemiboldItalic.otf */; };
		ED7577201FDEC9210033D7A4 /* SFMono-BoldItalic.otf in Resources */ = {isa = PBXBuildFile; fileRef = ED7576F61FDEC91E0033D7A4 /* SFMono-BoldItalic.otf */; };
		ED75772A1FDEC9210033D7A4 /* SFMono-Regular.otf in Resources */ = {isa = PBXBuildFile; fileRef = ED7577001FDEC9200033D7A4 /* SFMono-Regular.otf */; };
		ED75772B1FDEC9210033D7A4 /* SFMono-RegularItalic.otf in Resources */ = {isa = PBXBuildFile; fileRef = ED7577011FDEC9200033D7A4 /* SFMono-RegularItalic.otf */; };
		ED75772C1FDEC9210033D7A4 /* SFMono-Semibold.otf in Resources */ = {isa = PBXBuildFile; fileRef = ED7577021FDEC9200033D7A4 /* SFMono-Semibold.otf */; };
		ED75772F1FDEC9210033D7A4 /* SFMono-LightItalic.otf in Resources */ = {isa = PBXBuildFile; fileRef = ED7577051FDEC9200033D7A4 /* SFMono-LightItalic.otf */; };
		ED7577301FDEC9210033D7A4 /* SFMono-Light.otf in Resources */ = {isa = PBXBuildFile; fileRef = ED7577061FDEC9200033D7A4 /* SFMono-Light.otf */; };
		ED8CA78D1FCD9B98005ED561 /* LessonSnippetsTableViewCell.swift in Sources */ = {isa = PBXBuildFile; fileRef = ED8CA78C1FCD9B98005ED561 /* LessonSnippetsTableViewCell.swift */; };
		ED8CA78F1FCD9BCF005ED561 /* LayoutHighlightedCourseTableViewCell.swift in Sources */ = {isa = PBXBuildFile; fileRef = ED8CA78E1FCD9BCF005ED561 /* LayoutHighlightedCourseTableViewCell.swift */; };
		ED8CA7911FCD9CD1005ED561 /* LayoutHighlightedCourseTableViewCell.xib in Resources */ = {isa = PBXBuildFile; fileRef = ED8CA7901FCD9CD1005ED561 /* LayoutHighlightedCourseTableViewCell.xib */; };
		ED8CA7991FCDBEF0005ED561 /* LayoutCopyDefaultTableViewCell.swift in Sources */ = {isa = PBXBuildFile; fileRef = ED8CA7981FCDBEF0005ED561 /* LayoutCopyDefaultTableViewCell.swift */; };
		ED8CA79B1FCDBF1E005ED561 /* LayoutHeroImageTableViewCell.swift in Sources */ = {isa = PBXBuildFile; fileRef = ED8CA79A1FCDBF1E005ED561 /* LayoutHeroImageTableViewCell.swift */; };
		ED8CA79D1FCEC6E0005ED561 /* CourseOverviewTableViewCell.swift in Sources */ = {isa = PBXBuildFile; fileRef = ED8CA79C1FCEC6E0005ED561 /* CourseOverviewTableViewCell.swift */; };
		ED8CA79F1FCEC6EC005ED561 /* CourseOverviewTableViewCell.xib in Resources */ = {isa = PBXBuildFile; fileRef = ED8CA79E1FCEC6EC005ED561 /* CourseOverviewTableViewCell.xib */; };
		ED8CA7A11FCEC76F005ED561 /* LessonTableViewCell.swift in Sources */ = {isa = PBXBuildFile; fileRef = ED8CA7A01FCEC76F005ED561 /* LessonTableViewCell.swift */; };
		ED8CA7A31FCEC8C1005ED561 /* LessonTableViewCell.xib in Resources */ = {isa = PBXBuildFile; fileRef = ED8CA7A21FCEC8C1005ED561 /* LessonTableViewCell.xib */; };
		ED8CA7A61FCF0186005ED561 /* CategorySelectorTableViewCell.swift in Sources */ = {isa = PBXBuildFile; fileRef = ED8CA7A51FCF0186005ED561 /* CategorySelectorTableViewCell.swift */; };
		ED8CA7A81FCF0190005ED561 /* CategorySelectorTableViewCell.xib in Resources */ = {isa = PBXBuildFile; fileRef = ED8CA7A71FCF0190005ED561 /* CategorySelectorTableViewCell.xib */; };
		ED8CA7AB1FCF06A2005ED561 /* CategoryCollectionViewCell.xib in Resources */ = {isa = PBXBuildFile; fileRef = ED8CA7A91FCF06A2005ED561 /* CategoryCollectionViewCell.xib */; };
		ED8CA7AC1FCF06A2005ED561 /* CategoryCollectionViewCell.swift in Sources */ = {isa = PBXBuildFile; fileRef = ED8CA7AA1FCF06A2005ED561 /* CategoryCollectionViewCell.swift */; };
		ED8CA7AE1FD1A8EC005ED561 /* LessonSnippetsTableViewCell.xib in Resources */ = {isa = PBXBuildFile; fileRef = ED8CA7AD1FD1A8EC005ED561 /* LessonSnippetsTableViewCell.xib */; };
		EDA2A3B62020DCE300510C14 /* KIF.swift in Sources */ = {isa = PBXBuildFile; fileRef = EDA2A3B52020DCE300510C14 /* KIF.swift */; };
		EDA926481FD6AD8B001BF946 /* StateMachine.swift in Sources */ = {isa = PBXBuildFile; fileRef = EDA926471FD6AD8B001BF946 /* StateMachine.swift */; };
		EDC6FB381FBB25D9005738BE /* AppDelegate.swift in Sources */ = {isa = PBXBuildFile; fileRef = EDC6FB371FBB25D9005738BE /* AppDelegate.swift */; };
		EDC6FB3F1FBB25D9005738BE /* Assets.xcassets in Resources */ = {isa = PBXBuildFile; fileRef = EDC6FB3E1FBB25D9005738BE /* Assets.xcassets */; };
		EDC6FB4D1FBB25D9005738BE /* ContentfulServiceTests.swift in Sources */ = {isa = PBXBuildFile; fileRef = EDC6FB4C1FBB25D9005738BE /* ContentfulServiceTests.swift */; };
		EDC6FB661FBB27CD005738BE /* Module.swift in Sources */ = {isa = PBXBuildFile; fileRef = EDC6FB651FBB27CD005738BE /* Module.swift */; };
		EDC6FB691FBB331F005738BE /* Session.swift in Sources */ = {isa = PBXBuildFile; fileRef = EDC6FB681FBB331F005738BE /* Session.swift */; };
		EDC6FB6B1FBB332A005738BE /* Services.swift in Sources */ = {isa = PBXBuildFile; fileRef = EDC6FB6A1FBB332A005738BE /* Services.swift */; };
		EDC6FB6D1FBB3F7F005738BE /* UIKit.swift in Sources */ = {isa = PBXBuildFile; fileRef = EDC6FB6C1FBB3F7F005738BE /* UIKit.swift */; };
		EDC6FB711FBB40EC005738BE /* HomeLayoutTableViewController.swift in Sources */ = {isa = PBXBuildFile; fileRef = EDC6FB701FBB40EC005738BE /* HomeLayoutTableViewController.swift */; };
		EDC6FB731FBB413B005738BE /* TabBarController.swift in Sources */ = {isa = PBXBuildFile; fileRef = EDC6FB721FBB413B005738BE /* TabBarController.swift */; };
		EDC6FB751FBB415F005738BE /* SettingsViewController.swift in Sources */ = {isa = PBXBuildFile; fileRef = EDC6FB741FBB415F005738BE /* SettingsViewController.swift */; };
		EDC6FB7B1FBB4394005738BE /* AppearanceCustomizable.swift in Sources */ = {isa = PBXBuildFile; fileRef = EDC6FB7A1FBB4394005738BE /* AppearanceCustomizable.swift */; };
		EDC6FB7D1FBB43E5005738BE /* Router.swift in Sources */ = {isa = PBXBuildFile; fileRef = EDC6FB7C1FBB43E5005738BE /* Router.swift */; };
		EDC6FB7E1FBC47CF005738BE /* RootViewController.swift in Sources */ = {isa = PBXBuildFile; fileRef = EDC6FB781FBB42B0005738BE /* RootViewController.swift */; };
		EDC6FB801FBCA5C0005738BE /* TableViewDataSources.swift in Sources */ = {isa = PBXBuildFile; fileRef = EDC6FB7F1FBCA5C0005738BE /* TableViewDataSources.swift */; };
		EDC6FB821FBCA706005738BE /* LoadingTableViewCell.swift in Sources */ = {isa = PBXBuildFile; fileRef = EDC6FB811FBCA706005738BE /* LoadingTableViewCell.swift */; };
		EDC6FB841FBCA758005738BE /* LoadingTableViewCell.xib in Resources */ = {isa = PBXBuildFile; fileRef = EDC6FB831FBCA758005738BE /* LoadingTableViewCell.xib */; };
		EDD2D9161FDAE81800DDA12C /* ResourceStatesTableViewCell.swift in Sources */ = {isa = PBXBuildFile; fileRef = EDD2D9151FDAE81800DDA12C /* ResourceStatesTableViewCell.swift */; };
		EDD486F2203F203600D81DDF /* Localizable.strings in Resources */ = {isa = PBXBuildFile; fileRef = EDD486ED203F203500D81DDF /* Localizable.strings */; };
/* End PBXBuildFile section */

/* Begin PBXContainerItemProxy section */
		EDC6FB491FBB25D9005738BE /* PBXContainerItemProxy */ = {
			isa = PBXContainerItemProxy;
			containerPortal = EDC6FB2C1FBB25D9005738BE /* Project object */;
			proxyType = 1;
			remoteGlobalIDString = EDC6FB331FBB25D9005738BE;
			remoteInfo = "the-example-app.swift";
		};
/* End PBXContainerItemProxy section */

/* Begin PBXFileReference section */
		1622F124981B2246EDEFE81E /* Pods-the-example-app.swiftUITests.release.xcconfig */ = {isa = PBXFileReference; includeInIndex = 1; lastKnownFileType = text.xcconfig; name = "Pods-the-example-app.swiftUITests.release.xcconfig"; path = "Pods/Target Support Files/Pods-the-example-app.swiftUITests/Pods-the-example-app.swiftUITests.release.xcconfig"; sourceTree = "<group>"; };
		1F4DCA11F815DB7A004C1065 /* Pods_the_example_app_swiftUITests.framework */ = {isa = PBXFileReference; explicitFileType = wrapper.framework; includeInIndex = 0; path = Pods_the_example_app_swiftUITests.framework; sourceTree = BUILT_PRODUCTS_DIR; };
		3AC4E56CFF71F9FF9CC4EF48 /* Pods-the-example-app.swiftUITests.debug.xcconfig */ = {isa = PBXFileReference; includeInIndex = 1; lastKnownFileType = text.xcconfig; name = "Pods-the-example-app.swiftUITests.debug.xcconfig"; path = "Pods/Target Support Files/Pods-the-example-app.swiftUITests/Pods-the-example-app.swiftUITests.debug.xcconfig"; sourceTree = "<group>"; };
		5D001E632004413800AC5A4C /* variables.xcconfig */ = {isa = PBXFileReference; lastKnownFileType = text.xcconfig; path = variables.xcconfig; sourceTree = "<group>"; };
		5D001E6520044AE300AC5A4C /* CredentialTextField.swift */ = {isa = PBXFileReference; lastKnownFileType = sourcecode.swift; path = CredentialTextField.swift; sourceTree = "<group>"; };
		5D1084F4200571D800489072 /* AlertControllers.swift */ = {isa = PBXFileReference; lastKnownFileType = sourcecode.swift; path = AlertControllers.swift; sourceTree = "<group>"; };
		5D1084FA2006ACCB00489072 /* SessionTests.swift */ = {isa = PBXFileReference; lastKnownFileType = sourcecode.swift; path = SessionTests.swift; sourceTree = "<group>"; };
		5D245F902007FD5F009D088B /* CoursesTableViewController.swift */ = {isa = PBXFileReference; fileEncoding = 4; lastKnownFileType = sourcecode.swift; path = CoursesTableViewController.swift; sourceTree = "<group>"; };
		5D4512E820094FEF003FD42F /* ToggleTableViewCell.xib */ = {isa = PBXFileReference; lastKnownFileType = file.xib; path = ToggleTableViewCell.xib; sourceTree = "<group>"; };
		5D5490A7200972C100DD84E9 /* Localization.swift */ = {isa = PBXFileReference; lastKnownFileType = sourcecode.swift; path = Localization.swift; sourceTree = "<group>"; };
		5D6871DA20093BE00050668C /* ToggleTableViewCell.swift */ = {isa = PBXFileReference; lastKnownFileType = sourcecode.swift; path = ToggleTableViewCell.swift; sourceTree = "<group>"; };
		5D7BB62A200D622A003E1E70 /* ConnectedSpaceViewController.swift */ = {isa = PBXFileReference; lastKnownFileType = sourcecode.swift; path = ConnectedSpaceViewController.swift; sourceTree = "<group>"; };
		5D7BB62C200D6241003E1E70 /* ConnectedSpaceViewController.storyboard */ = {isa = PBXFileReference; lastKnownFileType = file.storyboard; path = ConnectedSpaceViewController.storyboard; sourceTree = "<group>"; };
		5D7BB62F200D7B7A003E1E70 /* LayoutHeroImageTableViewCell.xib */ = {isa = PBXFileReference; lastKnownFileType = file.xib; path = LayoutHeroImageTableViewCell.xib; sourceTree = "<group>"; };
		5D7BB631200D7B86003E1E70 /* LayoutCopyDefaultTableViewCell.xib */ = {isa = PBXFileReference; lastKnownFileType = file.xib; path = LayoutCopyDefaultTableViewCell.xib; sourceTree = "<group>"; };
		5D7BB633200D83E7003E1E70 /* UIImageView+Contentful.swift */ = {isa = PBXFileReference; lastKnownFileType = sourcecode.swift; path = "UIImageView+Contentful.swift"; sourceTree = "<group>"; };
		5D7BB635200D88A2003E1E70 /* LayoutCopyEmphasizedTableViewCell.swift */ = {isa = PBXFileReference; lastKnownFileType = sourcecode.swift; path = LayoutCopyEmphasizedTableViewCell.swift; sourceTree = "<group>"; };
		5D7BB637200D88FE003E1E70 /* LayoutCopyEmphasizedTableViewCell.xib */ = {isa = PBXFileReference; lastKnownFileType = file.xib; path = LayoutCopyEmphasizedTableViewCell.xib; sourceTree = "<group>"; };
		5D7BB639200E86AB003E1E70 /* ContentfulCredentials.swift */ = {isa = PBXFileReference; lastKnownFileType = sourcecode.swift; path = ContentfulCredentials.swift; sourceTree = "<group>"; };
		5D7BB63B200E86E8003E1E70 /* ContentfulService.swift */ = {isa = PBXFileReference; lastKnownFileType = sourcecode.swift; path = ContentfulService.swift; sourceTree = "<group>"; };
		5DB17D2D2007F727007956DA /* Markdown.swift */ = {isa = PBXFileReference; lastKnownFileType = sourcecode.swift; path = Markdown.swift; sourceTree = "<group>"; };
		5DFB7396200D0E0500735039 /* SettingsViewController.storyboard */ = {isa = PBXFileReference; lastKnownFileType = file.storyboard; path = SettingsViewController.storyboard; sourceTree = "<group>"; };
		5DFB7398200D24B700735039 /* SettingsErrorHeader.swift */ = {isa = PBXFileReference; lastKnownFileType = sourcecode.swift; path = SettingsErrorHeader.swift; sourceTree = "<group>"; };
		5DFB739A200D250B00735039 /* SettingsErrorHeader.xib */ = {isa = PBXFileReference; lastKnownFileType = file.xib; path = SettingsErrorHeader.xib; sourceTree = "<group>"; };
		5ECE69A8828E3974238771B5 /* Pods_the_example_app_swiftTests.framework */ = {isa = PBXFileReference; explicitFileType = wrapper.framework; includeInIndex = 0; path = Pods_the_example_app_swiftTests.framework; sourceTree = BUILT_PRODUCTS_DIR; };
		64A2E176D9DF2AAE8F93F2D1 /* Pods-the-example-app.swift.release.xcconfig */ = {isa = PBXFileReference; includeInIndex = 1; lastKnownFileType = text.xcconfig; name = "Pods-the-example-app.swift.release.xcconfig"; path = "Pods/Target Support Files/Pods-the-example-app.swift/Pods-the-example-app.swift.release.xcconfig"; sourceTree = "<group>"; };
		B744A9905939C54656D7A7E3 /* Pods-the-example-app.swiftTests.release.xcconfig */ = {isa = PBXFileReference; includeInIndex = 1; lastKnownFileType = text.xcconfig; name = "Pods-the-example-app.swiftTests.release.xcconfig"; path = "Pods/Target Support Files/Pods-the-example-app.swiftTests/Pods-the-example-app.swiftTests.release.xcconfig"; sourceTree = "<group>"; };
		BB90E22D9AF2B95BFF1F1D3C /* Pods-the-example-app.swiftTests.debug.xcconfig */ = {isa = PBXFileReference; includeInIndex = 1; lastKnownFileType = text.xcconfig; name = "Pods-the-example-app.swiftTests.debug.xcconfig"; path = "Pods/Target Support Files/Pods-the-example-app.swiftTests/Pods-the-example-app.swiftTests.debug.xcconfig"; sourceTree = "<group>"; };
		CF1C2002CFD183502CC64382 /* Pods-the-example-app.swift.debug.xcconfig */ = {isa = PBXFileReference; includeInIndex = 1; lastKnownFileType = text.xcconfig; name = "Pods-the-example-app.swift.debug.xcconfig"; path = "Pods/Target Support Files/Pods-the-example-app.swift/Pods-the-example-app.swift.debug.xcconfig"; sourceTree = "<group>"; };
		E8CC44D9CEEE13FD45BC6EB4 /* Pods_the_example_app_swift.framework */ = {isa = PBXFileReference; explicitFileType = wrapper.framework; includeInIndex = 0; path = Pods_the_example_app_swift.framework; sourceTree = BUILT_PRODUCTS_DIR; };
		ED2ECED01FC6EF8C009981B3 /* LessonsCollectionViewController.swift */ = {isa = PBXFileReference; lastKnownFileType = sourcecode.swift; path = LessonsCollectionViewController.swift; sourceTree = "<group>"; };
		ED2ECED31FC6F578009981B3 /* LessonCollectionViewCell.swift */ = {isa = PBXFileReference; lastKnownFileType = sourcecode.swift; path = LessonCollectionViewCell.swift; sourceTree = "<group>"; };
		ED2ECED51FC70097009981B3 /* LessonCollectionViewCell.xib */ = {isa = PBXFileReference; lastKnownFileType = file.xib; path = LessonCollectionViewCell.xib; sourceTree = "<group>"; };
		ED2ECED71FC705EB009981B3 /* LessonImageTableViewCell.xib */ = {isa = PBXFileReference; lastKnownFileType = file.xib; path = LessonImageTableViewCell.xib; sourceTree = "<group>"; };
		ED2ECED91FC705F6009981B3 /* LessonImageTableViewCell.swift */ = {isa = PBXFileReference; lastKnownFileType = sourcecode.swift; path = LessonImageTableViewCell.swift; sourceTree = "<group>"; };
		ED31363D2021E74A0089D9D3 /* Course.swift */ = {isa = PBXFileReference; lastKnownFileType = sourcecode.swift; path = Course.swift; sourceTree = "<group>"; };
		ED31363F2021EAA10089D9D3 /* LessonModules.swift */ = {isa = PBXFileReference; lastKnownFileType = sourcecode.swift; path = LessonModules.swift; sourceTree = "<group>"; };
		ED3136412021EAAA0089D9D3 /* LayoutModules.swift */ = {isa = PBXFileReference; lastKnownFileType = sourcecode.swift; path = LayoutModules.swift; sourceTree = "<group>"; };
		ED3136432021EADB0089D9D3 /* HomeLayout.swift */ = {isa = PBXFileReference; lastKnownFileType = sourcecode.swift; path = HomeLayout.swift; sourceTree = "<group>"; };
		ED3136452021EAF80089D9D3 /* Lesson.swift */ = {isa = PBXFileReference; lastKnownFileType = sourcecode.swift; path = Lesson.swift; sourceTree = "<group>"; };
		ED3136472021EB0F0089D9D3 /* Category.swift */ = {isa = PBXFileReference; lastKnownFileType = sourcecode.swift; path = Category.swift; sourceTree = "<group>"; };
		ED539857201B34780087AD7B /* ErrorTableViewCell.swift */ = {isa = PBXFileReference; lastKnownFileType = sourcecode.swift; path = ErrorTableViewCell.swift; sourceTree = "<group>"; };
		ED539859201B34EC0087AD7B /* ErrorTableViewCell.xib */ = {isa = PBXFileReference; lastKnownFileType = file.xib; path = ErrorTableViewCell.xib; sourceTree = "<group>"; };
		ED539861201F22D60087AD7B /* GoogleService-Info.plist */ = {isa = PBXFileReference; fileEncoding = 4; lastKnownFileType = text.plist.xml; path = "GoogleService-Info.plist"; sourceTree = "<group>"; };
		ED539864201F2A830087AD7B /* Analytics.swift */ = {isa = PBXFileReference; lastKnownFileType = sourcecode.swift; path = Analytics.swift; sourceTree = "<group>"; };
		ED5398672020D2F50087AD7B /* DeepLinkTests.swift */ = {isa = PBXFileReference; lastKnownFileType = sourcecode.swift; path = DeepLinkTests.swift; sourceTree = "<group>"; };
		ED54BADB1FC5D0AD00AA8199 /* LessonCopyTableViewCell.swift */ = {isa = PBXFileReference; lastKnownFileType = sourcecode.swift; path = LessonCopyTableViewCell.swift; sourceTree = "<group>"; };
		ED54BADD1FC5D10A00AA8199 /* LessonCopyTableViewCell.xib */ = {isa = PBXFileReference; lastKnownFileType = file.xib; path = LessonCopyTableViewCell.xib; sourceTree = "<group>"; };
		ED54BAE01FC5DDDD00AA8199 /* SVGAttributedStringBlockBuilder.swift */ = {isa = PBXFileReference; lastKnownFileType = sourcecode.swift; path = SVGAttributedStringBlockBuilder.swift; sourceTree = "<group>"; };
		ED62BC2D1FC8524D0004513A /* TabBarNavigationController.swift */ = {isa = PBXFileReference; lastKnownFileType = sourcecode.swift; path = TabBarNavigationController.swift; sourceTree = "<group>"; };
		ED68DD8A1FBF0B700034CB89 /* CourseTableViewCell.swift */ = {isa = PBXFileReference; lastKnownFileType = sourcecode.swift; path = CourseTableViewCell.swift; sourceTree = "<group>"; };
		ED68DD8C1FBF0B8C0034CB89 /* CourseTableViewCell.xib */ = {isa = PBXFileReference; lastKnownFileType = file.xib; path = CourseTableViewCell.xib; sourceTree = "<group>"; };
		ED68DD8E1FBF14E90034CB89 /* CellFactory.swift */ = {isa = PBXFileReference; lastKnownFileType = sourcecode.swift; path = CellFactory.swift; sourceTree = "<group>"; };
		ED68DD901FBF16B20034CB89 /* CourseViewController.swift */ = {isa = PBXFileReference; lastKnownFileType = sourcecode.swift; path = CourseViewController.swift; sourceTree = "<group>"; };
		ED6F20712035C6D100094D51 /* Errors.swift */ = {isa = PBXFileReference; lastKnownFileType = sourcecode.swift; path = Errors.swift; sourceTree = "<group>"; };
		ED7576E91FDEC91D0033D7A4 /* SFMono-Heavy.otf */ = {isa = PBXFileReference; lastKnownFileType = file; path = "SFMono-Heavy.otf"; sourceTree = "<group>"; };
		ED7576EA1FDEC91D0033D7A4 /* SFMono-HeavyItalic.otf */ = {isa = PBXFileReference; lastKnownFileType = file; path = "SFMono-HeavyItalic.otf"; sourceTree = "<group>"; };
		ED7576EB1FDEC91D0033D7A4 /* SFMono-Medium.otf */ = {isa = PBXFileReference; lastKnownFileType = file; path = "SFMono-Medium.otf"; sourceTree = "<group>"; };
		ED7576EC1FDEC91D0033D7A4 /* SFMono-MediumItalic.otf */ = {isa = PBXFileReference; lastKnownFileType = file; path = "SFMono-MediumItalic.otf"; sourceTree = "<group>"; };
		ED7576F21FDEC91E0033D7A4 /* SFMono-Bold.otf */ = {isa = PBXFileReference; lastKnownFileType = file; path = "SFMono-Bold.otf"; sourceTree = "<group>"; };
		ED7576F31FDEC91E0033D7A4 /* SFMono-SemiboldItalic.otf */ = {isa = PBXFileReference; lastKnownFileType = file; path = "SFMono-SemiboldItalic.otf"; sourceTree = "<group>"; };
		ED7576F61FDEC91E0033D7A4 /* SFMono-BoldItalic.otf */ = {isa = PBXFileReference; lastKnownFileType = file; path = "SFMono-BoldItalic.otf"; sourceTree = "<group>"; };
		ED7577001FDEC9200033D7A4 /* SFMono-Regular.otf */ = {isa = PBXFileReference; lastKnownFileType = file; path = "SFMono-Regular.otf"; sourceTree = "<group>"; };
		ED7577011FDEC9200033D7A4 /* SFMono-RegularItalic.otf */ = {isa = PBXFileReference; lastKnownFileType = file; path = "SFMono-RegularItalic.otf"; sourceTree = "<group>"; };
		ED7577021FDEC9200033D7A4 /* SFMono-Semibold.otf */ = {isa = PBXFileReference; lastKnownFileType = file; path = "SFMono-Semibold.otf"; sourceTree = "<group>"; };
		ED7577051FDEC9200033D7A4 /* SFMono-LightItalic.otf */ = {isa = PBXFileReference; lastKnownFileType = file; path = "SFMono-LightItalic.otf"; sourceTree = "<group>"; };
		ED7577061FDEC9200033D7A4 /* SFMono-Light.otf */ = {isa = PBXFileReference; lastKnownFileType = file; path = "SFMono-Light.otf"; sourceTree = "<group>"; };
		ED8CA78C1FCD9B98005ED561 /* LessonSnippetsTableViewCell.swift */ = {isa = PBXFileReference; lastKnownFileType = sourcecode.swift; path = LessonSnippetsTableViewCell.swift; sourceTree = "<group>"; };
		ED8CA78E1FCD9BCF005ED561 /* LayoutHighlightedCourseTableViewCell.swift */ = {isa = PBXFileReference; lastKnownFileType = sourcecode.swift; path = LayoutHighlightedCourseTableViewCell.swift; sourceTree = "<group>"; };
		ED8CA7901FCD9CD1005ED561 /* LayoutHighlightedCourseTableViewCell.xib */ = {isa = PBXFileReference; lastKnownFileType = file.xib; path = LayoutHighlightedCourseTableViewCell.xib; sourceTree = "<group>"; };
		ED8CA7981FCDBEF0005ED561 /* LayoutCopyDefaultTableViewCell.swift */ = {isa = PBXFileReference; lastKnownFileType = sourcecode.swift; path = LayoutCopyDefaultTableViewCell.swift; sourceTree = "<group>"; };
		ED8CA79A1FCDBF1E005ED561 /* LayoutHeroImageTableViewCell.swift */ = {isa = PBXFileReference; lastKnownFileType = sourcecode.swift; path = LayoutHeroImageTableViewCell.swift; sourceTree = "<group>"; };
		ED8CA79C1FCEC6E0005ED561 /* CourseOverviewTableViewCell.swift */ = {isa = PBXFileReference; lastKnownFileType = sourcecode.swift; path = CourseOverviewTableViewCell.swift; sourceTree = "<group>"; };
		ED8CA79E1FCEC6EC005ED561 /* CourseOverviewTableViewCell.xib */ = {isa = PBXFileReference; lastKnownFileType = file.xib; path = CourseOverviewTableViewCell.xib; sourceTree = "<group>"; };
		ED8CA7A01FCEC76F005ED561 /* LessonTableViewCell.swift */ = {isa = PBXFileReference; lastKnownFileType = sourcecode.swift; path = LessonTableViewCell.swift; sourceTree = "<group>"; };
		ED8CA7A21FCEC8C1005ED561 /* LessonTableViewCell.xib */ = {isa = PBXFileReference; lastKnownFileType = file.xib; path = LessonTableViewCell.xib; sourceTree = "<group>"; };
		ED8CA7A51FCF0186005ED561 /* CategorySelectorTableViewCell.swift */ = {isa = PBXFileReference; lastKnownFileType = sourcecode.swift; path = CategorySelectorTableViewCell.swift; sourceTree = "<group>"; };
		ED8CA7A71FCF0190005ED561 /* CategorySelectorTableViewCell.xib */ = {isa = PBXFileReference; lastKnownFileType = file.xib; path = CategorySelectorTableViewCell.xib; sourceTree = "<group>"; };
		ED8CA7A91FCF06A2005ED561 /* CategoryCollectionViewCell.xib */ = {isa = PBXFileReference; fileEncoding = 4; lastKnownFileType = file.xib; path = CategoryCollectionViewCell.xib; sourceTree = "<group>"; };
		ED8CA7AA1FCF06A2005ED561 /* CategoryCollectionViewCell.swift */ = {isa = PBXFileReference; fileEncoding = 4; lastKnownFileType = sourcecode.swift; path = CategoryCollectionViewCell.swift; sourceTree = "<group>"; };
		ED8CA7AD1FD1A8EC005ED561 /* LessonSnippetsTableViewCell.xib */ = {isa = PBXFileReference; lastKnownFileType = file.xib; path = LessonSnippetsTableViewCell.xib; sourceTree = "<group>"; };
		EDA2A3B42020D41500510C14 /* the-example-app.swiftTests-Bridging-Header.h */ = {isa = PBXFileReference; fileEncoding = 4; lastKnownFileType = sourcecode.c.h; path = "the-example-app.swiftTests-Bridging-Header.h"; sourceTree = "<group>"; };
		EDA2A3B52020DCE300510C14 /* KIF.swift */ = {isa = PBXFileReference; lastKnownFileType = sourcecode.swift; path = KIF.swift; sourceTree = "<group>"; };
		EDA926471FD6AD8B001BF946 /* StateMachine.swift */ = {isa = PBXFileReference; lastKnownFileType = sourcecode.swift; path = StateMachine.swift; sourceTree = "<group>"; };
		EDC6FB341FBB25D9005738BE /* the-example-app.swift.app */ = {isa = PBXFileReference; explicitFileType = wrapper.application; includeInIndex = 0; path = "the-example-app.swift.app"; sourceTree = BUILT_PRODUCTS_DIR; };
		EDC6FB371FBB25D9005738BE /* AppDelegate.swift */ = {isa = PBXFileReference; lastKnownFileType = sourcecode.swift; path = AppDelegate.swift; sourceTree = "<group>"; };
		EDC6FB3E1FBB25D9005738BE /* Assets.xcassets */ = {isa = PBXFileReference; lastKnownFileType = folder.assetcatalog; path = Assets.xcassets; sourceTree = "<group>"; };
		EDC6FB431FBB25D9005738BE /* Info.plist */ = {isa = PBXFileReference; lastKnownFileType = text.plist.xml; path = Info.plist; sourceTree = "<group>"; };
		EDC6FB481FBB25D9005738BE /* the-example-app.swiftTests.xctest */ = {isa = PBXFileReference; explicitFileType = wrapper.cfbundle; includeInIndex = 0; path = "the-example-app.swiftTests.xctest"; sourceTree = BUILT_PRODUCTS_DIR; };
		EDC6FB4C1FBB25D9005738BE /* ContentfulServiceTests.swift */ = {isa = PBXFileReference; lastKnownFileType = sourcecode.swift; path = ContentfulServiceTests.swift; sourceTree = "<group>"; };
		EDC6FB4E1FBB25D9005738BE /* Info.plist */ = {isa = PBXFileReference; lastKnownFileType = text.plist.xml; path = Info.plist; sourceTree = "<group>"; };
		EDC6FB651FBB27CD005738BE /* Module.swift */ = {isa = PBXFileReference; fileEncoding = 4; lastKnownFileType = sourcecode.swift; path = Module.swift; sourceTree = "<group>"; };
		EDC6FB671FBB30E9005738BE /* the-example-app.swift-Bridging-Header.h */ = {isa = PBXFileReference; lastKnownFileType = sourcecode.c.h; name = "the-example-app.swift-Bridging-Header.h"; path = "the-example-app.swift/the-example-app.swift-Bridging-Header.h"; sourceTree = "<group>"; };
		EDC6FB681FBB331F005738BE /* Session.swift */ = {isa = PBXFileReference; lastKnownFileType = sourcecode.swift; path = Session.swift; sourceTree = "<group>"; };
		EDC6FB6A1FBB332A005738BE /* Services.swift */ = {isa = PBXFileReference; lastKnownFileType = sourcecode.swift; path = Services.swift; sourceTree = "<group>"; };
		EDC6FB6C1FBB3F7F005738BE /* UIKit.swift */ = {isa = PBXFileReference; lastKnownFileType = sourcecode.swift; path = UIKit.swift; sourceTree = "<group>"; };
		EDC6FB701FBB40EC005738BE /* HomeLayoutTableViewController.swift */ = {isa = PBXFileReference; lastKnownFileType = sourcecode.swift; path = HomeLayoutTableViewController.swift; sourceTree = "<group>"; };
		EDC6FB721FBB413B005738BE /* TabBarController.swift */ = {isa = PBXFileReference; lastKnownFileType = sourcecode.swift; path = TabBarController.swift; sourceTree = "<group>"; };
		EDC6FB741FBB415F005738BE /* SettingsViewController.swift */ = {isa = PBXFileReference; lastKnownFileType = sourcecode.swift; path = SettingsViewController.swift; sourceTree = "<group>"; };
		EDC6FB781FBB42B0005738BE /* RootViewController.swift */ = {isa = PBXFileReference; lastKnownFileType = sourcecode.swift; path = RootViewController.swift; sourceTree = "<group>"; };
		EDC6FB7A1FBB4394005738BE /* AppearanceCustomizable.swift */ = {isa = PBXFileReference; lastKnownFileType = sourcecode.swift; path = AppearanceCustomizable.swift; sourceTree = "<group>"; };
		EDC6FB7C1FBB43E5005738BE /* Router.swift */ = {isa = PBXFileReference; lastKnownFileType = sourcecode.swift; path = Router.swift; sourceTree = "<group>"; };
		EDC6FB7F1FBCA5C0005738BE /* TableViewDataSources.swift */ = {isa = PBXFileReference; lastKnownFileType = sourcecode.swift; path = TableViewDataSources.swift; sourceTree = "<group>"; };
		EDC6FB811FBCA706005738BE /* LoadingTableViewCell.swift */ = {isa = PBXFileReference; lastKnownFileType = sourcecode.swift; path = LoadingTableViewCell.swift; sourceTree = "<group>"; };
		EDC6FB831FBCA758005738BE /* LoadingTableViewCell.xib */ = {isa = PBXFileReference; lastKnownFileType = file.xib; path = LoadingTableViewCell.xib; sourceTree = "<group>"; };
		EDD2D9151FDAE81800DDA12C /* ResourceStatesTableViewCell.swift */ = {isa = PBXFileReference; lastKnownFileType = sourcecode.swift; path = ResourceStatesTableViewCell.swift; sourceTree = "<group>"; };
		EDD2D9171FDAEED300DDA12C /* ResourceStatesTableViewCell.xib */ = {isa = PBXFileReference; lastKnownFileType = file.xib; path = ResourceStatesTableViewCell.xib; sourceTree = "<group>"; };
		EDD486EE203F203500D81DDF /* en-US */ = {isa = PBXFileReference; lastKnownFileType = text.plist.strings; name = "en-US"; path = "en-US.lproj/Localizable.strings"; sourceTree = "<group>"; };
		EDD486F0203F203600D81DDF /* de-DE */ = {isa = PBXFileReference; lastKnownFileType = text.plist.strings; name = "de-DE"; path = "de-DE.lproj/Localizable.strings"; sourceTree = "<group>"; };
/* End PBXFileReference section */

/* Begin PBXFrameworksBuildPhase section */
		EDC6FB311FBB25D9005738BE /* Frameworks */ = {
			isa = PBXFrameworksBuildPhase;
			buildActionMask = 2147483647;
			files = (
				0EBCE060F89349FE1EDBBC2D /* Pods_the_example_app_swift.framework in Frameworks */,
			);
			runOnlyForDeploymentPostprocessing = 0;
		};
		EDC6FB451FBB25D9005738BE /* Frameworks */ = {
			isa = PBXFrameworksBuildPhase;
			buildActionMask = 2147483647;
			files = (
				E3381702EAB12ADDD5CE9210 /* Pods_the_example_app_swiftTests.framework in Frameworks */,
			);
			runOnlyForDeploymentPostprocessing = 0;
		};
/* End PBXFrameworksBuildPhase section */

/* Begin PBXGroup section */
		12D7DFD66D8DC39B273861BD /* Frameworks */ = {
			isa = PBXGroup;
			children = (
				E8CC44D9CEEE13FD45BC6EB4 /* Pods_the_example_app_swift.framework */,
				5ECE69A8828E3974238771B5 /* Pods_the_example_app_swiftTests.framework */,
				1F4DCA11F815DB7A004C1065 /* Pods_the_example_app_swiftUITests.framework */,
			);
			name = Frameworks;
			sourceTree = "<group>";
		};
		5D001E6420044ACA00AC5A4C /* Settings */ = {
			isa = PBXGroup;
			children = (
				EDC6FB741FBB415F005738BE /* SettingsViewController.swift */,
				5DFB7396200D0E0500735039 /* SettingsViewController.storyboard */,
				5D7BB62A200D622A003E1E70 /* ConnectedSpaceViewController.swift */,
				5D7BB62C200D6241003E1E70 /* ConnectedSpaceViewController.storyboard */,
				5DFB7398200D24B700735039 /* SettingsErrorHeader.swift */,
				5DFB739A200D250B00735039 /* SettingsErrorHeader.xib */,
				5D001E6520044AE300AC5A4C /* CredentialTextField.swift */,
				5D6871DA20093BE00050668C /* ToggleTableViewCell.swift */,
				5D4512E820094FEF003FD42F /* ToggleTableViewCell.xib */,
			);
			path = Settings;
			sourceTree = "<group>";
		};
		5DB17D2C2007F711007956DA /* MarkdownRendering */ = {
			isa = PBXGroup;
			children = (
				ED54BAE01FC5DDDD00AA8199 /* SVGAttributedStringBlockBuilder.swift */,
				5DB17D2D2007F727007956DA /* Markdown.swift */,
			);
			path = MarkdownRendering;
			sourceTree = "<group>";
		};
		CF0A024463A777555B1C3888 /* Pods */ = {
			isa = PBXGroup;
			children = (
				CF1C2002CFD183502CC64382 /* Pods-the-example-app.swift.debug.xcconfig */,
				64A2E176D9DF2AAE8F93F2D1 /* Pods-the-example-app.swift.release.xcconfig */,
				BB90E22D9AF2B95BFF1F1D3C /* Pods-the-example-app.swiftTests.debug.xcconfig */,
				B744A9905939C54656D7A7E3 /* Pods-the-example-app.swiftTests.release.xcconfig */,
				3AC4E56CFF71F9FF9CC4EF48 /* Pods-the-example-app.swiftUITests.debug.xcconfig */,
				1622F124981B2246EDEFE81E /* Pods-the-example-app.swiftUITests.release.xcconfig */,
			);
			name = Pods;
			sourceTree = "<group>";
		};
		ED2ECECD1FC6DDA0009981B3 /* TableAndCollectionViewEngine */ = {
			isa = PBXGroup;
			children = (
				ED68DD8E1FBF14E90034CB89 /* CellFactory.swift */,
				EDC6FB7F1FBCA5C0005738BE /* TableViewDataSources.swift */,
				ED539857201B34780087AD7B /* ErrorTableViewCell.swift */,
				ED539859201B34EC0087AD7B /* ErrorTableViewCell.xib */,
				EDC6FB811FBCA706005738BE /* LoadingTableViewCell.swift */,
				EDC6FB831FBCA758005738BE /* LoadingTableViewCell.xib */,
				EDD2D9151FDAE81800DDA12C /* ResourceStatesTableViewCell.swift */,
				EDD2D9171FDAEED300DDA12C /* ResourceStatesTableViewCell.xib */,
			);
			path = TableAndCollectionViewEngine;
			sourceTree = "<group>";
		};
		ED7576DE1FDEC8EE0033D7A4 /* Resources */ = {
			isa = PBXGroup;
			children = (
				EDD486ED203F203500D81DDF /* Localizable.strings */,
				ED539861201F22D60087AD7B /* GoogleService-Info.plist */,
				ED7576DF1FDEC8FC0033D7A4 /* Fonts */,
			);
			path = Resources;
			sourceTree = "<group>";
		};
		ED7576DF1FDEC8FC0033D7A4 /* Fonts */ = {
			isa = PBXGroup;
			children = (
				ED7576F21FDEC91E0033D7A4 /* SFMono-Bold.otf */,
				ED7576F61FDEC91E0033D7A4 /* SFMono-BoldItalic.otf */,
				ED7576E91FDEC91D0033D7A4 /* SFMono-Heavy.otf */,
				ED7576EA1FDEC91D0033D7A4 /* SFMono-HeavyItalic.otf */,
				ED7577061FDEC9200033D7A4 /* SFMono-Light.otf */,
				ED7577051FDEC9200033D7A4 /* SFMono-LightItalic.otf */,
				ED7576EB1FDEC91D0033D7A4 /* SFMono-Medium.otf */,
				ED7576EC1FDEC91D0033D7A4 /* SFMono-MediumItalic.otf */,
				ED7577001FDEC9200033D7A4 /* SFMono-Regular.otf */,
				ED7577011FDEC9200033D7A4 /* SFMono-RegularItalic.otf */,
				ED7577021FDEC9200033D7A4 /* SFMono-Semibold.otf */,
				ED7576F31FDEC91E0033D7A4 /* SFMono-SemiboldItalic.otf */,
			);
			path = Fonts;
			sourceTree = "<group>";
		};
		ED8CA7921FCDA16A005ED561 /* Courses */ = {
			isa = PBXGroup;
			children = (
				ED31363D2021E74A0089D9D3 /* Course.swift */,
				ED3136472021EB0F0089D9D3 /* Category.swift */,
				ED68DD901FBF16B20034CB89 /* CourseViewController.swift */,
				5D245F902007FD5F009D088B /* CoursesTableViewController.swift */,
				ED8CA7AA1FCF06A2005ED561 /* CategoryCollectionViewCell.swift */,
				ED8CA7A91FCF06A2005ED561 /* CategoryCollectionViewCell.xib */,
				ED8CA7931FCDA173005ED561 /* TableViewCells */,
			);
			path = Courses;
			sourceTree = "<group>";
		};
		ED8CA7931FCDA173005ED561 /* TableViewCells */ = {
			isa = PBXGroup;
			children = (
				ED8CA7A51FCF0186005ED561 /* CategorySelectorTableViewCell.swift */,
				ED8CA7A71FCF0190005ED561 /* CategorySelectorTableViewCell.xib */,
				ED8CA79C1FCEC6E0005ED561 /* CourseOverviewTableViewCell.swift */,
				ED8CA79E1FCEC6EC005ED561 /* CourseOverviewTableViewCell.xib */,
				ED8CA7A01FCEC76F005ED561 /* LessonTableViewCell.swift */,
				ED8CA7A21FCEC8C1005ED561 /* LessonTableViewCell.xib */,
				ED68DD8A1FBF0B700034CB89 /* CourseTableViewCell.swift */,
				ED68DD8C1FBF0B8C0034CB89 /* CourseTableViewCell.xib */,
			);
			path = TableViewCells;
			sourceTree = "<group>";
		};
		ED8CA7941FCDA1AF005ED561 /* HomeLayout */ = {
			isa = PBXGroup;
			children = (
				ED3136432021EADB0089D9D3 /* HomeLayout.swift */,
				ED3136412021EAAA0089D9D3 /* LayoutModules.swift */,
				EDC6FB701FBB40EC005738BE /* HomeLayoutTableViewController.swift */,
				ED8CA7951FCDA1B7005ED561 /* TableViewCells */,
			);
			path = HomeLayout;
			sourceTree = "<group>";
		};
		ED8CA7951FCDA1B7005ED561 /* TableViewCells */ = {
			isa = PBXGroup;
			children = (
				ED8CA78E1FCD9BCF005ED561 /* LayoutHighlightedCourseTableViewCell.swift */,
				ED8CA7901FCD9CD1005ED561 /* LayoutHighlightedCourseTableViewCell.xib */,
				ED8CA7981FCDBEF0005ED561 /* LayoutCopyDefaultTableViewCell.swift */,
				5D7BB631200D7B86003E1E70 /* LayoutCopyDefaultTableViewCell.xib */,
				5D7BB635200D88A2003E1E70 /* LayoutCopyEmphasizedTableViewCell.swift */,
				5D7BB637200D88FE003E1E70 /* LayoutCopyEmphasizedTableViewCell.xib */,
				ED8CA79A1FCDBF1E005ED561 /* LayoutHeroImageTableViewCell.swift */,
				5D7BB62F200D7B7A003E1E70 /* LayoutHeroImageTableViewCell.xib */,
			);
			path = TableViewCells;
			sourceTree = "<group>";
		};
		ED8CA7961FCDA1EF005ED561 /* Lessons */ = {
			isa = PBXGroup;
			children = (
				ED3136452021EAF80089D9D3 /* Lesson.swift */,
				ED31363F2021EAA10089D9D3 /* LessonModules.swift */,
				ED2ECED01FC6EF8C009981B3 /* LessonsCollectionViewController.swift */,
				ED2ECED31FC6F578009981B3 /* LessonCollectionViewCell.swift */,
				ED2ECED51FC70097009981B3 /* LessonCollectionViewCell.xib */,
				ED8CA7971FCDA20E005ED561 /* LessonModuleTableViewCells */,
			);
			path = Lessons;
			sourceTree = "<group>";
		};
		ED8CA7971FCDA20E005ED561 /* LessonModuleTableViewCells */ = {
			isa = PBXGroup;
			children = (
				ED54BADB1FC5D0AD00AA8199 /* LessonCopyTableViewCell.swift */,
				ED54BADD1FC5D10A00AA8199 /* LessonCopyTableViewCell.xib */,
				ED2ECED91FC705F6009981B3 /* LessonImageTableViewCell.swift */,
				ED2ECED71FC705EB009981B3 /* LessonImageTableViewCell.xib */,
				ED8CA78C1FCD9B98005ED561 /* LessonSnippetsTableViewCell.swift */,
				ED8CA7AD1FD1A8EC005ED561 /* LessonSnippetsTableViewCell.xib */,
			);
			path = LessonModuleTableViewCells;
			sourceTree = "<group>";
		};
		EDC6FB2B1FBB25D9005738BE = {
			isa = PBXGroup;
			children = (
				5D001E632004413800AC5A4C /* variables.xcconfig */,
				EDC6FB671FBB30E9005738BE /* the-example-app.swift-Bridging-Header.h */,
				EDC6FB361FBB25D9005738BE /* the-example-app.swift */,
				EDC6FB4B1FBB25D9005738BE /* the-example-app.swiftTests */,
				ED7576DE1FDEC8EE0033D7A4 /* Resources */,
				EDC6FB351FBB25D9005738BE /* Products */,
				CF0A024463A777555B1C3888 /* Pods */,
				12D7DFD66D8DC39B273861BD /* Frameworks */,
			);
			sourceTree = "<group>";
		};
		EDC6FB351FBB25D9005738BE /* Products */ = {
			isa = PBXGroup;
			children = (
				EDC6FB341FBB25D9005738BE /* the-example-app.swift.app */,
				EDC6FB481FBB25D9005738BE /* the-example-app.swiftTests.xctest */,
			);
			name = Products;
			sourceTree = "<group>";
		};
		EDC6FB361FBB25D9005738BE /* the-example-app.swift */ = {
			isa = PBXGroup;
			children = (
				EDC6FB371FBB25D9005738BE /* AppDelegate.swift */,
				ED539864201F2A830087AD7B /* Analytics.swift */,
				EDC6FB7C1FBB43E5005738BE /* Router.swift */,
				EDC6FB681FBB331F005738BE /* Session.swift */,
				EDC6FB6A1FBB332A005738BE /* Services.swift */,
				5D7BB63B200E86E8003E1E70 /* ContentfulService.swift */,
				5D7BB639200E86AB003E1E70 /* ContentfulCredentials.swift */,
				5D5490A7200972C100DD84E9 /* Localization.swift */,
				EDA926471FD6AD8B001BF946 /* StateMachine.swift */,
				EDC6FB781FBB42B0005738BE /* RootViewController.swift */,
				5D1084F4200571D800489072 /* AlertControllers.swift */,
				ED6F20712035C6D100094D51 /* Errors.swift */,
				EDC6FB7A1FBB4394005738BE /* AppearanceCustomizable.swift */,
				EDC6FB721FBB413B005738BE /* TabBarController.swift */,
				ED62BC2D1FC8524D0004513A /* TabBarNavigationController.swift */,
				ED2ECECD1FC6DDA0009981B3 /* TableAndCollectionViewEngine */,
				EDC6FB651FBB27CD005738BE /* Module.swift */,
				ED8CA7941FCDA1AF005ED561 /* HomeLayout */,
				ED8CA7921FCDA16A005ED561 /* Courses */,
				ED8CA7961FCDA1EF005ED561 /* Lessons */,
				5D001E6420044ACA00AC5A4C /* Settings */,
				EDC6FB6C1FBB3F7F005738BE /* UIKit.swift */,
				5D7BB633200D83E7003E1E70 /* UIImageView+Contentful.swift */,
				5DB17D2C2007F711007956DA /* MarkdownRendering */,
				EDC6FB3E1FBB25D9005738BE /* Assets.xcassets */,
				EDC6FB431FBB25D9005738BE /* Info.plist */,
			);
			path = "the-example-app.swift";
			sourceTree = "<group>";
		};
		EDC6FB4B1FBB25D9005738BE /* the-example-app.swiftTests */ = {
			isa = PBXGroup;
			children = (
				EDA2A3B42020D41500510C14 /* the-example-app.swiftTests-Bridging-Header.h */,
				EDC6FB4C1FBB25D9005738BE /* ContentfulServiceTests.swift */,
				5D1084FA2006ACCB00489072 /* SessionTests.swift */,
				ED5398672020D2F50087AD7B /* DeepLinkTests.swift */,
				EDA2A3B52020DCE300510C14 /* KIF.swift */,
				EDC6FB4E1FBB25D9005738BE /* Info.plist */,
			);
			path = "the-example-app.swiftTests";
			sourceTree = "<group>";
		};
/* End PBXGroup section */

/* Begin PBXNativeTarget section */
		EDC6FB331FBB25D9005738BE /* the-example-app.swift */ = {
			isa = PBXNativeTarget;
			buildConfigurationList = EDC6FB5C1FBB25D9005738BE /* Build configuration list for PBXNativeTarget "the-example-app.swift" */;
			buildPhases = (
				6F44286C5C38D4BFE6F227DE /* [CP] Check Pods Manifest.lock */,
				EDC6FB301FBB25D9005738BE /* Sources */,
				EDC6FB311FBB25D9005738BE /* Frameworks */,
				EDC6FB321FBB25D9005738BE /* Resources */,
				D2C6EC068112DDE586E4F839 /* [CP] Embed Pods Frameworks */,
				EDC4A50E2028A85F00E15F4E /* Fabric */,
			);
			buildRules = (
			);
			dependencies = (
			);
			name = "the-example-app.swift";
			productName = "the-example-app.swift";
			productReference = EDC6FB341FBB25D9005738BE /* the-example-app.swift.app */;
			productType = "com.apple.product-type.application";
		};
		EDC6FB471FBB25D9005738BE /* the-example-app.swiftTests */ = {
			isa = PBXNativeTarget;
			buildConfigurationList = EDC6FB5F1FBB25D9005738BE /* Build configuration list for PBXNativeTarget "the-example-app.swiftTests" */;
			buildPhases = (
				8B233434B02398A77642A759 /* [CP] Check Pods Manifest.lock */,
				EDC6FB441FBB25D9005738BE /* Sources */,
				EDC6FB451FBB25D9005738BE /* Frameworks */,
				EDC6FB461FBB25D9005738BE /* Resources */,
				9E6A4D7E0F88229C2074C06B /* [CP] Embed Pods Frameworks */,
			);
			buildRules = (
			);
			dependencies = (
				EDC6FB4A1FBB25D9005738BE /* PBXTargetDependency */,
			);
			name = "the-example-app.swiftTests";
			productName = "the-example-app.swiftTests";
			productReference = EDC6FB481FBB25D9005738BE /* the-example-app.swiftTests.xctest */;
			productType = "com.apple.product-type.bundle.unit-test";
		};
/* End PBXNativeTarget section */

/* Begin PBXProject section */
		EDC6FB2C1FBB25D9005738BE /* Project object */ = {
			isa = PBXProject;
			attributes = {
				LastSwiftUpdateCheck = 0920;
				LastUpgradeCheck = 0930;
				ORGANIZATIONNAME = Contentful;
				TargetAttributes = {
					EDC6FB331FBB25D9005738BE = {
						CreatedOnToolsVersion = 9.1;
						ProvisioningStyle = Automatic;
					};
					EDC6FB471FBB25D9005738BE = {
						CreatedOnToolsVersion = 9.1;
						ProvisioningStyle = Automatic;
						TestTargetID = EDC6FB331FBB25D9005738BE;
					};
				};
			};
			buildConfigurationList = EDC6FB2F1FBB25D9005738BE /* Build configuration list for PBXProject "the-example-app.swift" */;
			compatibilityVersion = "Xcode 8.0";
			developmentRegion = en;
			hasScannedForEncodings = 0;
			knownRegions = (
				"en-US",
				"de-DE",
			);
			mainGroup = EDC6FB2B1FBB25D9005738BE;
			productRefGroup = EDC6FB351FBB25D9005738BE /* Products */;
			projectDirPath = "";
			projectRoot = "";
			targets = (
				EDC6FB331FBB25D9005738BE /* the-example-app.swift */,
				EDC6FB471FBB25D9005738BE /* the-example-app.swiftTests */,
			);
		};
/* End PBXProject section */

/* Begin PBXResourcesBuildPhase section */
		EDC6FB321FBB25D9005738BE /* Resources */ = {
			isa = PBXResourcesBuildPhase;
			buildActionMask = 2147483647;
			files = (
				5D4512E920094FEF003FD42F /* ToggleTableViewCell.xib in Resources */,
				ED8CA7AB1FCF06A2005ED561 /* CategoryCollectionViewCell.xib in Resources */,
				ED68DD8D1FBF0B8C0034CB89 /* CourseTableViewCell.xib in Resources */,
				ED8CA7A81FCF0190005ED561 /* CategorySelectorTableViewCell.xib in Resources */,
				ED8CA7A31FCEC8C1005ED561 /* LessonTableViewCell.xib in Resources */,
				5D7BB630200D7B7A003E1E70 /* LayoutHeroImageTableViewCell.xib in Resources */,
				EDC6FB841FBCA758005738BE /* LoadingTableViewCell.xib in Resources */,
				ED2ECED61FC70097009981B3 /* LessonCollectionViewCell.xib in Resources */,
				ED8CA79F1FCEC6EC005ED561 /* CourseOverviewTableViewCell.xib in Resources */,
				ED54BADE1FC5D10A00AA8199 /* LessonCopyTableViewCell.xib in Resources */,
				EDC6FB3F1FBB25D9005738BE /* Assets.xcassets in Resources */,
				ED2ECED81FC705EB009981B3 /* LessonImageTableViewCell.xib in Resources */,
				EDD486F2203F203600D81DDF /* Localizable.strings in Resources */,
				5DFB739B200D250B00735039 /* SettingsErrorHeader.xib in Resources */,
				ED8CA7911FCD9CD1005ED561 /* LayoutHighlightedCourseTableViewCell.xib in Resources */,
				ED8CA7AE1FD1A8EC005ED561 /* LessonSnippetsTableViewCell.xib in Resources */,
				ED7577201FDEC9210033D7A4 /* SFMono-BoldItalic.otf in Resources */,
				ED7577161FDEC9210033D7A4 /* SFMono-MediumItalic.otf in Resources */,
				ED7577131FDEC9210033D7A4 /* SFMono-Heavy.otf in Resources */,
				5D7BB638200D88FE003E1E70 /* LayoutCopyEmphasizedTableViewCell.xib in Resources */,
				5D7BB62D200D6241003E1E70 /* ConnectedSpaceViewController.storyboard in Resources */,
				ED75771D1FDEC9210033D7A4 /* SFMono-SemiboldItalic.otf in Resources */,
				ED75772C1FDEC9210033D7A4 /* SFMono-Semibold.otf in Resources */,
				ED7577141FDEC9210033D7A4 /* SFMono-HeavyItalic.otf in Resources */,
				5DFB7397200D0E0500735039 /* SettingsViewController.storyboard in Resources */,
				ED75772F1FDEC9210033D7A4 /* SFMono-LightItalic.otf in Resources */,
				ED7577301FDEC9210033D7A4 /* SFMono-Light.otf in Resources */,
				ED5ED288201A634E00B129F8 /* ResourceStatesTableViewCell.xib in Resources */,
				ED539862201F22D60087AD7B /* GoogleService-Info.plist in Resources */,
				ED75771C1FDEC9210033D7A4 /* SFMono-Bold.otf in Resources */,
				ED53985A201B34EC0087AD7B /* ErrorTableViewCell.xib in Resources */,
				ED75772A1FDEC9210033D7A4 /* SFMono-Regular.otf in Resources */,
				5D7BB632200D7B86003E1E70 /* LayoutCopyDefaultTableViewCell.xib in Resources */,
				ED7577151FDEC9210033D7A4 /* SFMono-Medium.otf in Resources */,
				ED75772B1FDEC9210033D7A4 /* SFMono-RegularItalic.otf in Resources */,
			);
			runOnlyForDeploymentPostprocessing = 0;
		};
		EDC6FB461FBB25D9005738BE /* Resources */ = {
			isa = PBXResourcesBuildPhase;
			buildActionMask = 2147483647;
			files = (
			);
			runOnlyForDeploymentPostprocessing = 0;
		};
/* End PBXResourcesBuildPhase section */

/* Begin PBXShellScriptBuildPhase section */
		6F44286C5C38D4BFE6F227DE /* [CP] Check Pods Manifest.lock */ = {
			isa = PBXShellScriptBuildPhase;
			buildActionMask = 2147483647;
			files = (
			);
			inputPaths = (
				"${PODS_PODFILE_DIR_PATH}/Podfile.lock",
				"${PODS_ROOT}/Manifest.lock",
			);
			name = "[CP] Check Pods Manifest.lock";
			outputPaths = (
				"$(DERIVED_FILE_DIR)/Pods-the-example-app.swift-checkManifestLockResult.txt",
			);
			runOnlyForDeploymentPostprocessing = 0;
			shellPath = /bin/sh;
			shellScript = "diff \"${PODS_PODFILE_DIR_PATH}/Podfile.lock\" \"${PODS_ROOT}/Manifest.lock\" > /dev/null\nif [ $? != 0 ] ; then\n    # print error to STDERR\n    echo \"error: The sandbox is not in sync with the Podfile.lock. Run 'pod install' or update your CocoaPods installation.\" >&2\n    exit 1\nfi\n# This output is used by Xcode 'outputs' to avoid re-running this script phase.\necho \"SUCCESS\" > \"${SCRIPT_OUTPUT_FILE_0}\"\n";
			showEnvVarsInLog = 0;
		};
		8B233434B02398A77642A759 /* [CP] Check Pods Manifest.lock */ = {
			isa = PBXShellScriptBuildPhase;
			buildActionMask = 2147483647;
			files = (
			);
			inputPaths = (
				"${PODS_PODFILE_DIR_PATH}/Podfile.lock",
				"${PODS_ROOT}/Manifest.lock",
			);
			name = "[CP] Check Pods Manifest.lock";
			outputPaths = (
				"$(DERIVED_FILE_DIR)/Pods-the-example-app.swiftTests-checkManifestLockResult.txt",
			);
			runOnlyForDeploymentPostprocessing = 0;
			shellPath = /bin/sh;
			shellScript = "diff \"${PODS_PODFILE_DIR_PATH}/Podfile.lock\" \"${PODS_ROOT}/Manifest.lock\" > /dev/null\nif [ $? != 0 ] ; then\n    # print error to STDERR\n    echo \"error: The sandbox is not in sync with the Podfile.lock. Run 'pod install' or update your CocoaPods installation.\" >&2\n    exit 1\nfi\n# This output is used by Xcode 'outputs' to avoid re-running this script phase.\necho \"SUCCESS\" > \"${SCRIPT_OUTPUT_FILE_0}\"\n";
			showEnvVarsInLog = 0;
		};
		9E6A4D7E0F88229C2074C06B /* [CP] Embed Pods Frameworks */ = {
			isa = PBXShellScriptBuildPhase;
			buildActionMask = 2147483647;
			files = (
			);
			inputPaths = (
				"${SRCROOT}/Pods/Target Support Files/Pods-the-example-app.swiftTests/Pods-the-example-app.swiftTests-frameworks.sh",
				"${BUILT_PRODUCTS_DIR}/KIF/KIF.framework",
				"${BUILT_PRODUCTS_DIR}/Nimble/Nimble.framework",
			);
			name = "[CP] Embed Pods Frameworks";
			outputPaths = (
				"${TARGET_BUILD_DIR}/${FRAMEWORKS_FOLDER_PATH}/KIF.framework",
				"${TARGET_BUILD_DIR}/${FRAMEWORKS_FOLDER_PATH}/Nimble.framework",
			);
			runOnlyForDeploymentPostprocessing = 0;
			shellPath = /bin/sh;
			shellScript = "\"${SRCROOT}/Pods/Target Support Files/Pods-the-example-app.swiftTests/Pods-the-example-app.swiftTests-frameworks.sh\"\n";
			showEnvVarsInLog = 0;
		};
		D2C6EC068112DDE586E4F839 /* [CP] Embed Pods Frameworks */ = {
			isa = PBXShellScriptBuildPhase;
			buildActionMask = 2147483647;
			files = (
			);
			inputPaths = (
				"${SRCROOT}/Pods/Target Support Files/Pods-the-example-app.swift/Pods-the-example-app.swift-frameworks.sh",
				"${BUILT_PRODUCTS_DIR}/Alamofire/Alamofire.framework",
				"${BUILT_PRODUCTS_DIR}/AlamofireImage/AlamofireImage.framework",
				"${BUILT_PRODUCTS_DIR}/Contentful/Contentful.framework",
				"${BUILT_PRODUCTS_DIR}/DeepLinkKit/DeepLinkKit.framework",
				"${BUILT_PRODUCTS_DIR}/FMDB/FMDB.framework",
				"${BUILT_PRODUCTS_DIR}/GoogleToolboxForMac/GoogleToolboxForMac.framework",
				"${BUILT_PRODUCTS_DIR}/Interstellar/Interstellar.framework",
				"${BUILT_PRODUCTS_DIR}/Reachability/Reachability.framework",
				"${BUILT_PRODUCTS_DIR}/SnowplowTracker/SnowplowTracker.framework",
				"${BUILT_PRODUCTS_DIR}/markymark/markymark.framework",
				"${BUILT_PRODUCTS_DIR}/nanopb/nanopb.framework",
			);
			name = "[CP] Embed Pods Frameworks";
			outputPaths = (
				"${TARGET_BUILD_DIR}/${FRAMEWORKS_FOLDER_PATH}/Alamofire.framework",
				"${TARGET_BUILD_DIR}/${FRAMEWORKS_FOLDER_PATH}/AlamofireImage.framework",
				"${TARGET_BUILD_DIR}/${FRAMEWORKS_FOLDER_PATH}/Contentful.framework",
				"${TARGET_BUILD_DIR}/${FRAMEWORKS_FOLDER_PATH}/DeepLinkKit.framework",
				"${TARGET_BUILD_DIR}/${FRAMEWORKS_FOLDER_PATH}/FMDB.framework",
				"${TARGET_BUILD_DIR}/${FRAMEWORKS_FOLDER_PATH}/GoogleToolboxForMac.framework",
				"${TARGET_BUILD_DIR}/${FRAMEWORKS_FOLDER_PATH}/Interstellar.framework",
				"${TARGET_BUILD_DIR}/${FRAMEWORKS_FOLDER_PATH}/Reachability.framework",
				"${TARGET_BUILD_DIR}/${FRAMEWORKS_FOLDER_PATH}/SnowplowTracker.framework",
				"${TARGET_BUILD_DIR}/${FRAMEWORKS_FOLDER_PATH}/markymark.framework",
				"${TARGET_BUILD_DIR}/${FRAMEWORKS_FOLDER_PATH}/nanopb.framework",
			);
			runOnlyForDeploymentPostprocessing = 0;
			shellPath = /bin/sh;
			shellScript = "\"${SRCROOT}/Pods/Target Support Files/Pods-the-example-app.swift/Pods-the-example-app.swift-frameworks.sh\"\n";
			showEnvVarsInLog = 0;
		};
		EDC4A50E2028A85F00E15F4E /* Fabric */ = {
			isa = PBXShellScriptBuildPhase;
			buildActionMask = 2147483647;
			files = (
			);
			inputPaths = (
			);
			name = Fabric;
			outputPaths = (
			);
			runOnlyForDeploymentPostprocessing = 0;
			shellPath = /bin/sh;
			shellScript = "\"${PODS_ROOT}/Fabric/run\" 8a9ee3680cf2a847e9a1be43cc40a1b9deed2047 7f181a029a87c2e4ff6e5416c73484536adec85d3a30371d1366b6fe7d37ce9a\n";
		};
/* End PBXShellScriptBuildPhase section */

/* Begin PBXSourcesBuildPhase section */
		EDC6FB301FBB25D9005738BE /* Sources */ = {
			isa = PBXSourcesBuildPhase;
			buildActionMask = 2147483647;
			files = (
				ED8CA7A11FCEC76F005ED561 /* LessonTableViewCell.swift in Sources */,
				5D245F912007FD5F009D088B /* CoursesTableViewController.swift in Sources */,
				ED62BC2E1FC8524D0004513A /* TabBarNavigationController.swift in Sources */,
				EDC6FB661FBB27CD005738BE /* Module.swift in Sources */,
				ED68DD8B1FBF0B700034CB89 /* CourseTableViewCell.swift in Sources */,
				ED3136422021EAAA0089D9D3 /* LayoutModules.swift in Sources */,
				5D5490A8200972C100DD84E9 /* Localization.swift in Sources */,
				ED3136462021EAF80089D9D3 /* Lesson.swift in Sources */,
				ED2ECEDA1FC705F6009981B3 /* LessonImageTableViewCell.swift in Sources */,
				EDC6FB7B1FBB4394005738BE /* AppearanceCustomizable.swift in Sources */,
				EDC6FB381FBB25D9005738BE /* AppDelegate.swift in Sources */,
				EDC6FB751FBB415F005738BE /* SettingsViewController.swift in Sources */,
				EDC6FB821FBCA706005738BE /* LoadingTableViewCell.swift in Sources */,
				EDC6FB731FBB413B005738BE /* TabBarController.swift in Sources */,
				EDC6FB711FBB40EC005738BE /* HomeLayoutTableViewController.swift in Sources */,
				5D7BB63A200E86AB003E1E70 /* ContentfulCredentials.swift in Sources */,
				5D7BB63C200E86E8003E1E70 /* ContentfulService.swift in Sources */,
				EDC6FB801FBCA5C0005738BE /* TableViewDataSources.swift in Sources */,
				EDC6FB6B1FBB332A005738BE /* Services.swift in Sources */,
				ED68DD911FBF16B20034CB89 /* CourseViewController.swift in Sources */,
				ED3136482021EB0F0089D9D3 /* Category.swift in Sources */,
				ED8CA7991FCDBEF0005ED561 /* LayoutCopyDefaultTableViewCell.swift in Sources */,
				ED54BADC1FC5D0AD00AA8199 /* LessonCopyTableViewCell.swift in Sources */,
				ED8CA7AC1FCF06A2005ED561 /* CategoryCollectionViewCell.swift in Sources */,
				ED6F20722035C6D100094D51 /* Errors.swift in Sources */,
				5D001E6620044AE300AC5A4C /* CredentialTextField.swift in Sources */,
				EDD2D9161FDAE81800DDA12C /* ResourceStatesTableViewCell.swift in Sources */,
				ED3136442021EADB0089D9D3 /* HomeLayout.swift in Sources */,
				ED31363E2021E74A0089D9D3 /* Course.swift in Sources */,
				ED68DD8F1FBF14E90034CB89 /* CellFactory.swift in Sources */,
				ED2ECED11FC6EF8C009981B3 /* LessonsCollectionViewController.swift in Sources */,
				5D1084F5200571D800489072 /* AlertControllers.swift in Sources */,
				5D7BB634200D83E7003E1E70 /* UIImageView+Contentful.swift in Sources */,
				5D7BB62B200D622A003E1E70 /* ConnectedSpaceViewController.swift in Sources */,
				ED539865201F2A830087AD7B /* Analytics.swift in Sources */,
				ED2ECED41FC6F578009981B3 /* LessonCollectionViewCell.swift in Sources */,
				EDC6FB7E1FBC47CF005738BE /* RootViewController.swift in Sources */,
				ED539858201B34780087AD7B /* ErrorTableViewCell.swift in Sources */,
				ED8CA79B1FCDBF1E005ED561 /* LayoutHeroImageTableViewCell.swift in Sources */,
				ED8CA7A61FCF0186005ED561 /* CategorySelectorTableViewCell.swift in Sources */,
				ED54BAE11FC5DDDD00AA8199 /* SVGAttributedStringBlockBuilder.swift in Sources */,
				5D7BB636200D88A2003E1E70 /* LayoutCopyEmphasizedTableViewCell.swift in Sources */,
				5DB17D2E2007F727007956DA /* Markdown.swift in Sources */,
				EDC6FB7D1FBB43E5005738BE /* Router.swift in Sources */,
				5D6871DB20093BE00050668C /* ToggleTableViewCell.swift in Sources */,
				5DFB7399200D24B700735039 /* SettingsErrorHeader.swift in Sources */,
				ED3136402021EAA10089D9D3 /* LessonModules.swift in Sources */,
				ED8CA78F1FCD9BCF005ED561 /* LayoutHighlightedCourseTableViewCell.swift in Sources */,
				EDA926481FD6AD8B001BF946 /* StateMachine.swift in Sources */,
				EDC6FB6D1FBB3F7F005738BE /* UIKit.swift in Sources */,
				ED8CA79D1FCEC6E0005ED561 /* CourseOverviewTableViewCell.swift in Sources */,
				EDC6FB691FBB331F005738BE /* Session.swift in Sources */,
				ED8CA78D1FCD9B98005ED561 /* LessonSnippetsTableViewCell.swift in Sources */,
			);
			runOnlyForDeploymentPostprocessing = 0;
		};
		EDC6FB441FBB25D9005738BE /* Sources */ = {
			isa = PBXSourcesBuildPhase;
			buildActionMask = 2147483647;
			files = (
				5D1084FB2006ACCB00489072 /* SessionTests.swift in Sources */,
				EDC6FB4D1FBB25D9005738BE /* ContentfulServiceTests.swift in Sources */,
				EDA2A3B62020DCE300510C14 /* KIF.swift in Sources */,
				ED5398682020D2F50087AD7B /* DeepLinkTests.swift in Sources */,
			);
			runOnlyForDeploymentPostprocessing = 0;
		};
/* End PBXSourcesBuildPhase section */

/* Begin PBXTargetDependency section */
		EDC6FB4A1FBB25D9005738BE /* PBXTargetDependency */ = {
			isa = PBXTargetDependency;
			target = EDC6FB331FBB25D9005738BE /* the-example-app.swift */;
			targetProxy = EDC6FB491FBB25D9005738BE /* PBXContainerItemProxy */;
		};
/* End PBXTargetDependency section */

/* Begin PBXVariantGroup section */
		EDD486ED203F203500D81DDF /* Localizable.strings */ = {
			isa = PBXVariantGroup;
			children = (
				EDD486EE203F203500D81DDF /* en-US */,
				EDD486F0203F203600D81DDF /* de-DE */,
			);
			name = Localizable.strings;
			sourceTree = "<group>";
		};
/* End PBXVariantGroup section */

/* Begin XCBuildConfiguration section */
		EDC6FB5A1FBB25D9005738BE /* Debug */ = {
			isa = XCBuildConfiguration;
			baseConfigurationReference = 5D001E632004413800AC5A4C /* variables.xcconfig */;
			buildSettings = {
				ALWAYS_EMBED_SWIFT_STANDARD_LIBRARIES = "$(inherited)";
				ALWAYS_SEARCH_USER_PATHS = NO;
				CLANG_ANALYZER_LOCALIZABILITY_NONLOCALIZED = YES;
				CLANG_ANALYZER_NONNULL = YES;
				CLANG_ANALYZER_NUMBER_OBJECT_CONVERSION = YES_AGGRESSIVE;
				CLANG_CXX_LANGUAGE_STANDARD = "gnu++14";
				CLANG_CXX_LIBRARY = "libc++";
				CLANG_ENABLE_MODULES = YES;
				CLANG_ENABLE_OBJC_ARC = YES;
				CLANG_WARN_BLOCK_CAPTURE_AUTORELEASING = YES;
				CLANG_WARN_BOOL_CONVERSION = YES;
				CLANG_WARN_COMMA = YES;
				CLANG_WARN_CONSTANT_CONVERSION = YES;
				CLANG_WARN_DEPRECATED_OBJC_IMPLEMENTATIONS = YES;
				CLANG_WARN_DIRECT_OBJC_ISA_USAGE = YES_ERROR;
				CLANG_WARN_DOCUMENTATION_COMMENTS = YES;
				CLANG_WARN_EMPTY_BODY = YES;
				CLANG_WARN_ENUM_CONVERSION = YES;
				CLANG_WARN_INFINITE_RECURSION = YES;
				CLANG_WARN_INT_CONVERSION = YES;
				CLANG_WARN_NON_LITERAL_NULL_CONVERSION = YES;
				CLANG_WARN_OBJC_IMPLICIT_RETAIN_SELF = YES;
				CLANG_WARN_OBJC_LITERAL_CONVERSION = YES;
				CLANG_WARN_OBJC_ROOT_CLASS = YES_ERROR;
				CLANG_WARN_RANGE_LOOP_ANALYSIS = YES;
				CLANG_WARN_STRICT_PROTOTYPES = YES;
				CLANG_WARN_SUSPICIOUS_MOVE = YES;
				CLANG_WARN_UNGUARDED_AVAILABILITY = YES_AGGRESSIVE;
				CLANG_WARN_UNREACHABLE_CODE = YES;
				CLANG_WARN__DUPLICATE_METHOD_MATCH = YES;
				CODE_SIGN_IDENTITY = "iPhone Developer";
				COPY_PHASE_STRIP = NO;
				DEBUG_INFORMATION_FORMAT = dwarf;
				ENABLE_STRICT_OBJC_MSGSEND = YES;
				ENABLE_TESTABILITY = YES;
				GCC_C_LANGUAGE_STANDARD = gnu11;
				GCC_DYNAMIC_NO_PIC = NO;
				GCC_NO_COMMON_BLOCKS = YES;
				GCC_OPTIMIZATION_LEVEL = 0;
				GCC_PREPROCESSOR_DEFINITIONS = (
					"DEBUG=1",
					"$(inherited)",
				);
				GCC_WARN_64_TO_32_BIT_CONVERSION = YES;
				GCC_WARN_ABOUT_RETURN_TYPE = YES_ERROR;
				GCC_WARN_UNDECLARED_SELECTOR = YES;
				GCC_WARN_UNINITIALIZED_AUTOS = YES_AGGRESSIVE;
				GCC_WARN_UNUSED_FUNCTION = YES;
				GCC_WARN_UNUSED_VARIABLE = YES;
				IPHONEOS_DEPLOYMENT_TARGET = 11.1;
				MTL_ENABLE_DEBUG_INFO = YES;
				ONLY_ACTIVE_ARCH = YES;
				OTHER_SWIFT_FLAGS = "";
				SDKROOT = iphoneos;
				SWIFT_ACTIVE_COMPILATION_CONDITIONS = DEBUG;
				SWIFT_OPTIMIZATION_LEVEL = "-Onone";
				SWIFT_VERSION = 4.0;
			};
			name = Debug;
		};
		EDC6FB5B1FBB25D9005738BE /* Release */ = {
			isa = XCBuildConfiguration;
			baseConfigurationReference = 5D001E632004413800AC5A4C /* variables.xcconfig */;
			buildSettings = {
				ALWAYS_EMBED_SWIFT_STANDARD_LIBRARIES = "$(inherited)";
				ALWAYS_SEARCH_USER_PATHS = NO;
				CLANG_ANALYZER_LOCALIZABILITY_NONLOCALIZED = YES;
				CLANG_ANALYZER_NONNULL = YES;
				CLANG_ANALYZER_NUMBER_OBJECT_CONVERSION = YES_AGGRESSIVE;
				CLANG_CXX_LANGUAGE_STANDARD = "gnu++14";
				CLANG_CXX_LIBRARY = "libc++";
				CLANG_ENABLE_MODULES = YES;
				CLANG_ENABLE_OBJC_ARC = YES;
				CLANG_WARN_BLOCK_CAPTURE_AUTORELEASING = YES;
				CLANG_WARN_BOOL_CONVERSION = YES;
				CLANG_WARN_COMMA = YES;
				CLANG_WARN_CONSTANT_CONVERSION = YES;
				CLANG_WARN_DEPRECATED_OBJC_IMPLEMENTATIONS = YES;
				CLANG_WARN_DIRECT_OBJC_ISA_USAGE = YES_ERROR;
				CLANG_WARN_DOCUMENTATION_COMMENTS = YES;
				CLANG_WARN_EMPTY_BODY = YES;
				CLANG_WARN_ENUM_CONVERSION = YES;
				CLANG_WARN_INFINITE_RECURSION = YES;
				CLANG_WARN_INT_CONVERSION = YES;
				CLANG_WARN_NON_LITERAL_NULL_CONVERSION = YES;
				CLANG_WARN_OBJC_IMPLICIT_RETAIN_SELF = YES;
				CLANG_WARN_OBJC_LITERAL_CONVERSION = YES;
				CLANG_WARN_OBJC_ROOT_CLASS = YES_ERROR;
				CLANG_WARN_RANGE_LOOP_ANALYSIS = YES;
				CLANG_WARN_STRICT_PROTOTYPES = YES;
				CLANG_WARN_SUSPICIOUS_MOVE = YES;
				CLANG_WARN_UNGUARDED_AVAILABILITY = YES_AGGRESSIVE;
				CLANG_WARN_UNREACHABLE_CODE = YES;
				CLANG_WARN__DUPLICATE_METHOD_MATCH = YES;
				CODE_SIGN_IDENTITY = "iPhone Developer";
				COPY_PHASE_STRIP = NO;
				DEBUG_INFORMATION_FORMAT = "dwarf-with-dsym";
				ENABLE_NS_ASSERTIONS = NO;
				ENABLE_STRICT_OBJC_MSGSEND = YES;
				GCC_C_LANGUAGE_STANDARD = gnu11;
				GCC_NO_COMMON_BLOCKS = YES;
				GCC_WARN_64_TO_32_BIT_CONVERSION = YES;
				GCC_WARN_ABOUT_RETURN_TYPE = YES_ERROR;
				GCC_WARN_UNDECLARED_SELECTOR = YES;
				GCC_WARN_UNINITIALIZED_AUTOS = YES_AGGRESSIVE;
				GCC_WARN_UNUSED_FUNCTION = YES;
				GCC_WARN_UNUSED_VARIABLE = YES;
				IPHONEOS_DEPLOYMENT_TARGET = 11.1;
				MTL_ENABLE_DEBUG_INFO = NO;
				OTHER_SWIFT_FLAGS = "";
				SDKROOT = iphoneos;
				SWIFT_OPTIMIZATION_LEVEL = "-Owholemodule";
				SWIFT_VERSION = 4.0;
				VALIDATE_PRODUCT = YES;
			};
			name = Release;
		};
		EDC6FB5D1FBB25D9005738BE /* Debug */ = {
			isa = XCBuildConfiguration;
			baseConfigurationReference = CF1C2002CFD183502CC64382 /* Pods-the-example-app.swift.debug.xcconfig */;
			buildSettings = {
				ALWAYS_EMBED_SWIFT_STANDARD_LIBRARIES = "$(inherited)";
				ASSETCATALOG_COMPILER_APPICON_NAME = AppIcon;
				ASSETCATALOG_COMPILER_LAUNCHIMAGE_NAME = LaunchImage;
				CODE_SIGN_STYLE = Automatic;
				DEBUG_INFORMATION_FORMAT = "dwarf-with-dsym";
				DEVELOPMENT_TEAM = RWJ5E97L7R;
				GCC_OPTIMIZATION_LEVEL = 0;
				INFOPLIST_FILE = "the-example-app.swift/Info.plist";
				LD_RUNPATH_SEARCH_PATHS = "$(inherited) @executable_path/Frameworks";
				OTHER_SWIFT_FLAGS = "$(inherited) \"-D\" \"COCOAPODS\" -D $(CONFIGURATION)";
				PRODUCT_BUNDLE_IDENTIFIER = "the-example-app.swift";
				PRODUCT_NAME = "$(TARGET_NAME)";
				SWIFT_VERSION = 4.0;
				TARGETED_DEVICE_FAMILY = 1;
			};
			name = Debug;
		};
		EDC6FB5E1FBB25D9005738BE /* Release */ = {
			isa = XCBuildConfiguration;
			baseConfigurationReference = 64A2E176D9DF2AAE8F93F2D1 /* Pods-the-example-app.swift.release.xcconfig */;
			buildSettings = {
				ALWAYS_EMBED_SWIFT_STANDARD_LIBRARIES = "$(inherited)";
				ASSETCATALOG_COMPILER_APPICON_NAME = AppIcon;
				ASSETCATALOG_COMPILER_LAUNCHIMAGE_NAME = LaunchImage;
				CODE_SIGN_STYLE = Automatic;
				DEVELOPMENT_TEAM = RWJ5E97L7R;
				INFOPLIST_FILE = "the-example-app.swift/Info.plist";
				LD_RUNPATH_SEARCH_PATHS = "$(inherited) @executable_path/Frameworks";
				OTHER_SWIFT_FLAGS = "$(inherited) \"-D\" \"COCOAPODS\" -D $(CONFIGURATION)";
				PRODUCT_BUNDLE_IDENTIFIER = "the-example-app.swift";
				PRODUCT_NAME = "$(TARGET_NAME)";
				SWIFT_VERSION = 4.0;
				TARGETED_DEVICE_FAMILY = 1;
			};
			name = Release;
		};
		EDC6FB601FBB25D9005738BE /* Debug */ = {
			isa = XCBuildConfiguration;
			baseConfigurationReference = BB90E22D9AF2B95BFF1F1D3C /* Pods-the-example-app.swiftTests.debug.xcconfig */;
			buildSettings = {
				ALWAYS_EMBED_SWIFT_STANDARD_LIBRARIES = "$(inherited)";
				BUNDLE_LOADER = "$(TEST_HOST)";
				CODE_SIGN_STYLE = Automatic;
				DEVELOPMENT_TEAM = RWJ5E97L7R;
				INFOPLIST_FILE = "the-example-app.swiftTests/Info.plist";
				LD_RUNPATH_SEARCH_PATHS = "$(inherited) @executable_path/Frameworks @loader_path/Frameworks";
				PRODUCT_BUNDLE_IDENTIFIER = "com.contentful.the-example-app-swiftTests";
				PRODUCT_NAME = "$(TARGET_NAME)";
				SWIFT_OBJC_BRIDGING_HEADER = "$(SRCROOT)/the-example-app.swiftTests/the-example-app.swiftTests-Bridging-Header.h";
				SWIFT_VERSION = 4.0;
				TARGETED_DEVICE_FAMILY = "1,2";
				TEST_HOST = "$(BUILT_PRODUCTS_DIR)/the-example-app.swift.app/the-example-app.swift";
			};
			name = Debug;
		};
		EDC6FB611FBB25D9005738BE /* Release */ = {
			isa = XCBuildConfiguration;
			baseConfigurationReference = B744A9905939C54656D7A7E3 /* Pods-the-example-app.swiftTests.release.xcconfig */;
			buildSettings = {
				ALWAYS_EMBED_SWIFT_STANDARD_LIBRARIES = "$(inherited)";
				BUNDLE_LOADER = "$(TEST_HOST)";
				CODE_SIGN_STYLE = Automatic;
				DEVELOPMENT_TEAM = RWJ5E97L7R;
				INFOPLIST_FILE = "the-example-app.swiftTests/Info.plist";
				LD_RUNPATH_SEARCH_PATHS = "$(inherited) @executable_path/Frameworks @loader_path/Frameworks";
				PRODUCT_BUNDLE_IDENTIFIER = "com.contentful.the-example-app-swiftTests";
				PRODUCT_NAME = "$(TARGET_NAME)";
				SWIFT_OBJC_BRIDGING_HEADER = "$(SRCROOT)/the-example-app.swiftTests/the-example-app.swiftTests-Bridging-Header.h";
				SWIFT_VERSION = 4.0;
				TARGETED_DEVICE_FAMILY = "1,2";
				TEST_HOST = "$(BUILT_PRODUCTS_DIR)/the-example-app.swift.app/the-example-app.swift";
			};
			name = Release;
		};
/* End XCBuildConfiguration section */

/* Begin XCConfigurationList section */
		EDC6FB2F1FBB25D9005738BE /* Build configuration list for PBXProject "the-example-app.swift" */ = {
			isa = XCConfigurationList;
			buildConfigurations = (
				EDC6FB5A1FBB25D9005738BE /* Debug */,
				EDC6FB5B1FBB25D9005738BE /* Release */,
			);
			defaultConfigurationIsVisible = 0;
			defaultConfigurationName = Release;
		};
		EDC6FB5C1FBB25D9005738BE /* Build configuration list for PBXNativeTarget "the-example-app.swift" */ = {
			isa = XCConfigurationList;
			buildConfigurations = (
				EDC6FB5D1FBB25D9005738BE /* Debug */,
				EDC6FB5E1FBB25D9005738BE /* Release */,
			);
			defaultConfigurationIsVisible = 0;
			defaultConfigurationName = Release;
		};
		EDC6FB5F1FBB25D9005738BE /* Build configuration list for PBXNativeTarget "the-example-app.swiftTests" */ = {
			isa = XCConfigurationList;
			buildConfigurations = (
				EDC6FB601FBB25D9005738BE /* Debug */,
				EDC6FB611FBB25D9005738BE /* Release */,
			);
			defaultConfigurationIsVisible = 0;
			defaultConfigurationName = Release;
		};
/* End XCConfigurationList section */
	};
	rootObject = EDC6FB2C1FBB25D9005738BE /* Project object */;
}
